// !$*UTF8*$!
{
	archiveVersion = 1;
	classes = {
	};
	objectVersion = 55;
	objects = {

/* Begin PBXBuildFile section */
		8819F72C279D85840075F656 /* Userdefault + extension.swift in Sources */ = {isa = PBXBuildFile; fileRef = 8819F72B279D85840075F656 /* Userdefault + extension.swift */; };
		8819F72E279D86EE0075F656 /* Enums.swift in Sources */ = {isa = PBXBuildFile; fileRef = 8819F72D279D86EE0075F656 /* Enums.swift */; };
		8819F732279D8CF10075F656 /* RxCocoa in Frameworks */ = {isa = PBXBuildFile; productRef = 8819F731279D8CF10075F656 /* RxCocoa */; };
		8819F734279D8CF10075F656 /* RxSwift in Frameworks */ = {isa = PBXBuildFile; productRef = 8819F733279D8CF10075F656 /* RxSwift */; };
		883C8B8B27A041DD007BCA20 /* ColorNames.swift in Sources */ = {isa = PBXBuildFile; fileRef = 883C8B8A27A041DD007BCA20 /* ColorNames.swift */; };
		883C8B8D27A04330007BCA20 /* FontNames.swift in Sources */ = {isa = PBXBuildFile; fileRef = 883C8B8C27A04330007BCA20 /* FontNames.swift */; };
		885C2384279D211800FF658E /* OnboardingViewController.swift in Sources */ = {isa = PBXBuildFile; fileRef = 885C2383279D211800FF658E /* OnboardingViewController.swift */; };
		885C2387279D26C800FF658E /* OnBoardingView.swift in Sources */ = {isa = PBXBuildFile; fileRef = 885C2386279D26C800FF658E /* OnBoardingView.swift */; };
		885F016B279A7C380049856B /* ApiService.swift in Sources */ = {isa = PBXBuildFile; fileRef = 885F016A279A7C380049856B /* ApiService.swift */; };
		885F016E279A7C630049856B /* Alamofire in Frameworks */ = {isa = PBXBuildFile; productRef = 885F016D279A7C630049856B /* Alamofire */; };
		885F0171279A7F770049856B /* ApiData.swift in Sources */ = {isa = PBXBuildFile; fileRef = 885F0170279A7F770049856B /* ApiData.swift */; };
		885F0173279A8DA10049856B /* GoogleService-Info.plist in Resources */ = {isa = PBXBuildFile; fileRef = 885F0172279A8DA10049856B /* GoogleService-Info.plist */; };
		88820D4E279BADDD00E8FCD4 /* String + extensions.swift in Sources */ = {isa = PBXBuildFile; fileRef = 88820D4D279BADDD00E8FCD4 /* String + extensions.swift */; };
		88820D51279BB20000E8FCD4 /* Calendar + extensions.swift in Sources */ = {isa = PBXBuildFile; fileRef = 88820D50279BB20000E8FCD4 /* Calendar + extensions.swift */; };
		88820D53279BC03600E8FCD4 /* EndPoints.swift in Sources */ = {isa = PBXBuildFile; fileRef = 88820D52279BC03600E8FCD4 /* EndPoints.swift */; };
		88820D56279BDC8600E8FCD4 /* Toast in Frameworks */ = {isa = PBXBuildFile; productRef = 88820D55279BDC8600E8FCD4 /* Toast */; };
		88820D58279C090C00E8FCD4 /* FirebaseService.swift in Sources */ = {isa = PBXBuildFile; fileRef = 88820D57279C090C00E8FCD4 /* FirebaseService.swift */; };
		889EBAD227983714006C1A6E /* NickNameViewController.swift in Sources */ = {isa = PBXBuildFile; fileRef = 889EBAD127983714006C1A6E /* NickNameViewController.swift */; };
		889EBAD527983746006C1A6E /* NickNameView.swift in Sources */ = {isa = PBXBuildFile; fileRef = 889EBAD427983746006C1A6E /* NickNameView.swift */; };
		889EBAD727983755006C1A6E /* NickNameViewModel.swift in Sources */ = {isa = PBXBuildFile; fileRef = 889EBAD627983755006C1A6E /* NickNameViewModel.swift */; };
		88B5CE9F279FB76E00E17F09 /* ManageMyInfoAgeRangeCell.swift in Sources */ = {isa = PBXBuildFile; fileRef = 88B5CE9E279FB76E00E17F09 /* ManageMyInfoAgeRangeCell.swift */; };
		88B5CEA1279FBB2700E17F09 /* ManageViewModel.swift in Sources */ = {isa = PBXBuildFile; fileRef = 88B5CEA0279FBB2700E17F09 /* ManageViewModel.swift */; };
		88B5CEA3279FC3FA00E17F09 /* MyPageUpdateData.swift in Sources */ = {isa = PBXBuildFile; fileRef = 88B5CEA2279FC3FA00E17F09 /* MyPageUpdateData.swift */; };
		88B5CEA5279FF3AA00E17F09 /* MangeCollectionViewCell.swift in Sources */ = {isa = PBXBuildFile; fileRef = 88B5CEA4279FF3A900E17F09 /* MangeCollectionViewCell.swift */; };
		88CC7EED279E4FC000828537 /* MyInfoViewController.swift in Sources */ = {isa = PBXBuildFile; fileRef = 88CC7EEC279E4FC000828537 /* MyInfoViewController.swift */; };
		88CC7EF0279E4FD300828537 /* MyInfoView.swift in Sources */ = {isa = PBXBuildFile; fileRef = 88CC7EEF279E4FD300828537 /* MyInfoView.swift */; };
		88CC7EF2279E50EE00828537 /* MyInfoTableViewCell.swift in Sources */ = {isa = PBXBuildFile; fileRef = 88CC7EF1279E50EE00828537 /* MyInfoTableViewCell.swift */; };
		88CC7EF4279E56DD00828537 /* MyInfoSettingCell.swift in Sources */ = {isa = PBXBuildFile; fileRef = 88CC7EF3279E56DD00828537 /* MyInfoSettingCell.swift */; };
		88CC7EF6279E5AC700828537 /* MyInfoViewModel.swift in Sources */ = {isa = PBXBuildFile; fileRef = 88CC7EF5279E5AC700828537 /* MyInfoViewModel.swift */; };
		88CC7EF8279E63C900828537 /* ImageNames.swift in Sources */ = {isa = PBXBuildFile; fileRef = 88CC7EF7279E63C900828537 /* ImageNames.swift */; };
		88CC7EFA279E9C3E00828537 /* ManageMyInfoViewController.swift in Sources */ = {isa = PBXBuildFile; fileRef = 88CC7EF9279E9C3E00828537 /* ManageMyInfoViewController.swift */; };
		88CC7EFD279E9C6F00828537 /* ManageMyInfoView.swift in Sources */ = {isa = PBXBuildFile; fileRef = 88CC7EFC279E9C6F00828537 /* ManageMyInfoView.swift */; };
		88CC7EFF279E9EA100828537 /* ManageMyInfoPersonalInfoCell.swift in Sources */ = {isa = PBXBuildFile; fileRef = 88CC7EFE279E9EA100828537 /* ManageMyInfoPersonalInfoCell.swift */; };
		88CC7F01279EB3A700828537 /* ManageMyInfoImageCell.swift in Sources */ = {isa = PBXBuildFile; fileRef = 88CC7F00279EB3A700828537 /* ManageMyInfoImageCell.swift */; };
		88CC7F03279EB50700828537 /* MyGenderCell.swift in Sources */ = {isa = PBXBuildFile; fileRef = 88CC7F02279EB50700828537 /* MyGenderCell.swift */; };
		88DCEA3527A0F9C700BDB530 /* HomeViewController.swift in Sources */ = {isa = PBXBuildFile; fileRef = 88DCEA3427A0F9C700BDB530 /* HomeViewController.swift */; };
		88DCEA3727A0F9D500BDB530 /* MainTabBarController.swift in Sources */ = {isa = PBXBuildFile; fileRef = 88DCEA3627A0F9D500BDB530 /* MainTabBarController.swift */; };
		88DCEA3B27A12A6200BDB530 /* UIColor + extensions.swift in Sources */ = {isa = PBXBuildFile; fileRef = 88DCEA3A27A12A6200BDB530 /* UIColor + extensions.swift */; };
		88DCEA3D27A175E300BDB530 /* DeleteViewController.swift in Sources */ = {isa = PBXBuildFile; fileRef = 88DCEA3C27A175E300BDB530 /* DeleteViewController.swift */; };
		88DCEA3F27A1761200BDB530 /* DeleteView.swift in Sources */ = {isa = PBXBuildFile; fileRef = 88DCEA3E27A1761200BDB530 /* DeleteView.swift */; };
		88DCEA4127A190DF00BDB530 /* HomeView.swift in Sources */ = {isa = PBXBuildFile; fileRef = 88DCEA4027A190DE00BDB530 /* HomeView.swift */; };
		88DE49ED27965A8C003D5958 /* InActiveButton.swift in Sources */ = {isa = PBXBuildFile; fileRef = 88DE49EC27965A8C003D5958 /* InActiveButton.swift */; };
		88DE49F02796B811003D5958 /* RegisterViewModel.swift in Sources */ = {isa = PBXBuildFile; fileRef = 88DE49EF2796B810003D5958 /* RegisterViewModel.swift */; };
		88DE49F22796B864003D5958 /* Observable.swift in Sources */ = {isa = PBXBuildFile; fileRef = 88DE49F12796B864003D5958 /* Observable.swift */; };
		88DE49F42796D801003D5958 /* CommonTextFieldView.swift in Sources */ = {isa = PBXBuildFile; fileRef = 88DE49F32796D801003D5958 /* CommonTextFieldView.swift */; };
		88EA1B562797B40700307111 /* VerifiyPhoneNumberViewController.swift in Sources */ = {isa = PBXBuildFile; fileRef = 88EA1B552797B40700307111 /* VerifiyPhoneNumberViewController.swift */; };
		88EA1B592797B44A00307111 /* VerifyPhoneNumberView.swift in Sources */ = {isa = PBXBuildFile; fileRef = 88EA1B582797B44A00307111 /* VerifyPhoneNumberView.swift */; };
		88EA1B5B2797B45300307111 /* VerifyPhoneNumberViewModel.swift in Sources */ = {isa = PBXBuildFile; fileRef = 88EA1B5A2797B45300307111 /* VerifyPhoneNumberViewModel.swift */; };
		88EA1B642797C1E800307111 /* NotoSansKR-Light.otf in Resources */ = {isa = PBXBuildFile; fileRef = 88EA1B5D2797C1E800307111 /* NotoSansKR-Light.otf */; };
		88EA1B652797C1E800307111 /* NotoSansKR-Bold.otf in Resources */ = {isa = PBXBuildFile; fileRef = 88EA1B5E2797C1E800307111 /* NotoSansKR-Bold.otf */; };
		88EA1B662797C1E800307111 /* NotoSansKR-Thin.otf in Resources */ = {isa = PBXBuildFile; fileRef = 88EA1B5F2797C1E800307111 /* NotoSansKR-Thin.otf */; };
		88EA1B672797C1E800307111 /* OFL.txt in Resources */ = {isa = PBXBuildFile; fileRef = 88EA1B602797C1E800307111 /* OFL.txt */; };
		88EA1B682797C1E800307111 /* NotoSansKR-Black.otf in Resources */ = {isa = PBXBuildFile; fileRef = 88EA1B612797C1E800307111 /* NotoSansKR-Black.otf */; };
		88EA1B692797C1E800307111 /* NotoSansKR-Medium.otf in Resources */ = {isa = PBXBuildFile; fileRef = 88EA1B622797C1E800307111 /* NotoSansKR-Medium.otf */; };
		88EA1B6A2797C1E800307111 /* NotoSansKR-Regular.otf in Resources */ = {isa = PBXBuildFile; fileRef = 88EA1B632797C1E800307111 /* NotoSansKR-Regular.otf */; };
		88F027FD2795495A00390168 /* AppDelegate.swift in Sources */ = {isa = PBXBuildFile; fileRef = 88F027FC2795495A00390168 /* AppDelegate.swift */; };
		88F027FF2795495A00390168 /* SceneDelegate.swift in Sources */ = {isa = PBXBuildFile; fileRef = 88F027FE2795495A00390168 /* SceneDelegate.swift */; };
		88F028012795495A00390168 /* RegisterViewController.swift in Sources */ = {isa = PBXBuildFile; fileRef = 88F028002795495A00390168 /* RegisterViewController.swift */; };
		88F028062795495E00390168 /* Assets.xcassets in Resources */ = {isa = PBXBuildFile; fileRef = 88F028052795495E00390168 /* Assets.xcassets */; };
		88F028092795495E00390168 /* LaunchScreen.storyboard in Resources */ = {isa = PBXBuildFile; fileRef = 88F028072795495E00390168 /* LaunchScreen.storyboard */; };
		88F0281427954A9200390168 /* SnapKit in Frameworks */ = {isa = PBXBuildFile; productRef = 88F0281327954A9200390168 /* SnapKit */; };
		88F0281727954AC800390168 /* RegisterView.swift in Sources */ = {isa = PBXBuildFile; fileRef = 88F0281627954AC800390168 /* RegisterView.swift */; };
		88F90CF12798EC0C00E518DC /* BirthViewController.swift in Sources */ = {isa = PBXBuildFile; fileRef = 88F90CF02798EC0C00E518DC /* BirthViewController.swift */; };
		88F90CF42798EC1B00E518DC /* BirthViewModel.swift in Sources */ = {isa = PBXBuildFile; fileRef = 88F90CF32798EC1B00E518DC /* BirthViewModel.swift */; };
		88F90CF62798EC2000E518DC /* BirthView.swift in Sources */ = {isa = PBXBuildFile; fileRef = 88F90CF52798EC2000E518DC /* BirthView.swift */; };
		88F90CFF2798FB5200E518DC /* DatePickerView.swift in Sources */ = {isa = PBXBuildFile; fileRef = 88F90CFE2798FB5200E518DC /* DatePickerView.swift */; };
		88F90D012798FE2000E518DC /* EmailViewController.swift in Sources */ = {isa = PBXBuildFile; fileRef = 88F90D002798FE2000E518DC /* EmailViewController.swift */; };
		88F90D042798FE3800E518DC /* EmailView.swift in Sources */ = {isa = PBXBuildFile; fileRef = 88F90D032798FE3800E518DC /* EmailView.swift */; };
		88F90D062798FE3F00E518DC /* EmailViewModel.swift in Sources */ = {isa = PBXBuildFile; fileRef = 88F90D052798FE3F00E518DC /* EmailViewModel.swift */; };
		88F90D08279909CE00E518DC /* GenderSelectionViewController.swift in Sources */ = {isa = PBXBuildFile; fileRef = 88F90D07279909CE00E518DC /* GenderSelectionViewController.swift */; };
		88F90D0B279909F400E518DC /* GenderSelectionViewModel.swift in Sources */ = {isa = PBXBuildFile; fileRef = 88F90D0A279909F400E518DC /* GenderSelectionViewModel.swift */; };
		88F90D0D27990A0100E518DC /* GenderSelectionView.swift in Sources */ = {isa = PBXBuildFile; fileRef = 88F90D0C27990A0100E518DC /* GenderSelectionView.swift */; };
		88F90D13279921A400E518DC /* BirthDateView.swift in Sources */ = {isa = PBXBuildFile; fileRef = 88F90D12279921A400E518DC /* BirthDateView.swift */; };
		88F90D15279988EE00E518DC /* GenderCustomButtonView.swift in Sources */ = {isa = PBXBuildFile; fileRef = 88F90D14279988EE00E518DC /* GenderCustomButtonView.swift */; };
		E6D7CE2D16D92203805233D5 /* Pods_SeSac_Service_Level_Project.framework in Frameworks */ = {isa = PBXBuildFile; fileRef = AFCF7A27F9A757CCBE8262B8 /* Pods_SeSac_Service_Level_Project.framework */; };
/* End PBXBuildFile section */

/* Begin PBXFileReference section */
		230AD1F48C96E2FC3466D59C /* Pods-SeSac Service Level Project.debug.xcconfig */ = {isa = PBXFileReference; includeInIndex = 1; lastKnownFileType = text.xcconfig; name = "Pods-SeSac Service Level Project.debug.xcconfig"; path = "Target Support Files/Pods-SeSac Service Level Project/Pods-SeSac Service Level Project.debug.xcconfig"; sourceTree = "<group>"; };
		68EF1A1A56691D9BC1B1886E /* Pods-SeSac Service Level Project.release.xcconfig */ = {isa = PBXFileReference; includeInIndex = 1; lastKnownFileType = text.xcconfig; name = "Pods-SeSac Service Level Project.release.xcconfig"; path = "Target Support Files/Pods-SeSac Service Level Project/Pods-SeSac Service Level Project.release.xcconfig"; sourceTree = "<group>"; };
		8819F72B279D85840075F656 /* Userdefault + extension.swift */ = {isa = PBXFileReference; lastKnownFileType = sourcecode.swift; path = "Userdefault + extension.swift"; sourceTree = "<group>"; };
		8819F72D279D86EE0075F656 /* Enums.swift */ = {isa = PBXFileReference; lastKnownFileType = sourcecode.swift; path = Enums.swift; sourceTree = "<group>"; };
		883C8B8A27A041DD007BCA20 /* ColorNames.swift */ = {isa = PBXFileReference; lastKnownFileType = sourcecode.swift; path = ColorNames.swift; sourceTree = "<group>"; };
		883C8B8C27A04330007BCA20 /* FontNames.swift */ = {isa = PBXFileReference; lastKnownFileType = sourcecode.swift; path = FontNames.swift; sourceTree = "<group>"; };
		885C2383279D211800FF658E /* OnboardingViewController.swift */ = {isa = PBXFileReference; lastKnownFileType = sourcecode.swift; path = OnboardingViewController.swift; sourceTree = "<group>"; };
		885C2386279D26C800FF658E /* OnBoardingView.swift */ = {isa = PBXFileReference; lastKnownFileType = sourcecode.swift; path = OnBoardingView.swift; sourceTree = "<group>"; };
		885F016A279A7C380049856B /* ApiService.swift */ = {isa = PBXFileReference; lastKnownFileType = sourcecode.swift; path = ApiService.swift; sourceTree = "<group>"; };
		885F0170279A7F770049856B /* ApiData.swift */ = {isa = PBXFileReference; lastKnownFileType = sourcecode.swift; path = ApiData.swift; sourceTree = "<group>"; };
		885F0172279A8DA10049856B /* GoogleService-Info.plist */ = {isa = PBXFileReference; fileEncoding = 4; lastKnownFileType = text.plist.xml; name = "GoogleService-Info.plist"; path = "../../SeSAC_SPL/GoogleService-Info.plist"; sourceTree = "<group>"; };
		88820D4D279BADDD00E8FCD4 /* String + extensions.swift */ = {isa = PBXFileReference; lastKnownFileType = sourcecode.swift; path = "String + extensions.swift"; sourceTree = "<group>"; };
		88820D50279BB20000E8FCD4 /* Calendar + extensions.swift */ = {isa = PBXFileReference; lastKnownFileType = sourcecode.swift; path = "Calendar + extensions.swift"; sourceTree = "<group>"; };
		88820D52279BC03600E8FCD4 /* EndPoints.swift */ = {isa = PBXFileReference; lastKnownFileType = sourcecode.swift; path = EndPoints.swift; sourceTree = "<group>"; };
		88820D57279C090C00E8FCD4 /* FirebaseService.swift */ = {isa = PBXFileReference; lastKnownFileType = sourcecode.swift; path = FirebaseService.swift; sourceTree = "<group>"; };
		889EBAD127983714006C1A6E /* NickNameViewController.swift */ = {isa = PBXFileReference; lastKnownFileType = sourcecode.swift; path = NickNameViewController.swift; sourceTree = "<group>"; };
		889EBAD427983746006C1A6E /* NickNameView.swift */ = {isa = PBXFileReference; lastKnownFileType = sourcecode.swift; path = NickNameView.swift; sourceTree = "<group>"; };
		889EBAD627983755006C1A6E /* NickNameViewModel.swift */ = {isa = PBXFileReference; lastKnownFileType = sourcecode.swift; path = NickNameViewModel.swift; sourceTree = "<group>"; };
		88B5CE9E279FB76E00E17F09 /* ManageMyInfoAgeRangeCell.swift */ = {isa = PBXFileReference; lastKnownFileType = sourcecode.swift; path = ManageMyInfoAgeRangeCell.swift; sourceTree = "<group>"; };
		88B5CEA0279FBB2700E17F09 /* ManageViewModel.swift */ = {isa = PBXFileReference; lastKnownFileType = sourcecode.swift; path = ManageViewModel.swift; sourceTree = "<group>"; };
		88B5CEA2279FC3FA00E17F09 /* MyPageUpdateData.swift */ = {isa = PBXFileReference; lastKnownFileType = sourcecode.swift; path = MyPageUpdateData.swift; sourceTree = "<group>"; };
		88B5CEA4279FF3A900E17F09 /* MangeCollectionViewCell.swift */ = {isa = PBXFileReference; lastKnownFileType = sourcecode.swift; path = MangeCollectionViewCell.swift; sourceTree = "<group>"; };
		88CC7EEC279E4FC000828537 /* MyInfoViewController.swift */ = {isa = PBXFileReference; lastKnownFileType = sourcecode.swift; path = MyInfoViewController.swift; sourceTree = "<group>"; };
		88CC7EEF279E4FD300828537 /* MyInfoView.swift */ = {isa = PBXFileReference; lastKnownFileType = sourcecode.swift; path = MyInfoView.swift; sourceTree = "<group>"; };
		88CC7EF1279E50EE00828537 /* MyInfoTableViewCell.swift */ = {isa = PBXFileReference; lastKnownFileType = sourcecode.swift; path = MyInfoTableViewCell.swift; sourceTree = "<group>"; };
		88CC7EF3279E56DD00828537 /* MyInfoSettingCell.swift */ = {isa = PBXFileReference; lastKnownFileType = sourcecode.swift; path = MyInfoSettingCell.swift; sourceTree = "<group>"; };
		88CC7EF5279E5AC700828537 /* MyInfoViewModel.swift */ = {isa = PBXFileReference; lastKnownFileType = sourcecode.swift; path = MyInfoViewModel.swift; sourceTree = "<group>"; };
		88CC7EF7279E63C900828537 /* ImageNames.swift */ = {isa = PBXFileReference; lastKnownFileType = sourcecode.swift; path = ImageNames.swift; sourceTree = "<group>"; };
		88CC7EF9279E9C3E00828537 /* ManageMyInfoViewController.swift */ = {isa = PBXFileReference; lastKnownFileType = sourcecode.swift; path = ManageMyInfoViewController.swift; sourceTree = "<group>"; };
		88CC7EFC279E9C6F00828537 /* ManageMyInfoView.swift */ = {isa = PBXFileReference; lastKnownFileType = sourcecode.swift; path = ManageMyInfoView.swift; sourceTree = "<group>"; };
		88CC7EFE279E9EA100828537 /* ManageMyInfoPersonalInfoCell.swift */ = {isa = PBXFileReference; lastKnownFileType = sourcecode.swift; path = ManageMyInfoPersonalInfoCell.swift; sourceTree = "<group>"; };
		88CC7F00279EB3A700828537 /* ManageMyInfoImageCell.swift */ = {isa = PBXFileReference; lastKnownFileType = sourcecode.swift; path = ManageMyInfoImageCell.swift; sourceTree = "<group>"; };
		88CC7F02279EB50700828537 /* MyGenderCell.swift */ = {isa = PBXFileReference; lastKnownFileType = sourcecode.swift; path = MyGenderCell.swift; sourceTree = "<group>"; };
		88DCEA3427A0F9C700BDB530 /* HomeViewController.swift */ = {isa = PBXFileReference; lastKnownFileType = sourcecode.swift; path = HomeViewController.swift; sourceTree = "<group>"; };
		88DCEA3627A0F9D500BDB530 /* MainTabBarController.swift */ = {isa = PBXFileReference; lastKnownFileType = sourcecode.swift; path = MainTabBarController.swift; sourceTree = "<group>"; };
		88DCEA3A27A12A6200BDB530 /* UIColor + extensions.swift */ = {isa = PBXFileReference; lastKnownFileType = sourcecode.swift; path = "UIColor + extensions.swift"; sourceTree = "<group>"; };
		88DCEA3C27A175E300BDB530 /* DeleteViewController.swift */ = {isa = PBXFileReference; lastKnownFileType = sourcecode.swift; path = DeleteViewController.swift; sourceTree = "<group>"; };
		88DCEA3E27A1761200BDB530 /* DeleteView.swift */ = {isa = PBXFileReference; lastKnownFileType = sourcecode.swift; path = DeleteView.swift; sourceTree = "<group>"; };
		88DCEA4027A190DE00BDB530 /* HomeView.swift */ = {isa = PBXFileReference; lastKnownFileType = sourcecode.swift; path = HomeView.swift; sourceTree = "<group>"; };
		88DE49EC27965A8C003D5958 /* InActiveButton.swift */ = {isa = PBXFileReference; lastKnownFileType = sourcecode.swift; path = InActiveButton.swift; sourceTree = "<group>"; };
		88DE49EF2796B810003D5958 /* RegisterViewModel.swift */ = {isa = PBXFileReference; lastKnownFileType = sourcecode.swift; path = RegisterViewModel.swift; sourceTree = "<group>"; };
		88DE49F12796B864003D5958 /* Observable.swift */ = {isa = PBXFileReference; lastKnownFileType = sourcecode.swift; path = Observable.swift; sourceTree = "<group>"; };
		88DE49F32796D801003D5958 /* CommonTextFieldView.swift */ = {isa = PBXFileReference; lastKnownFileType = sourcecode.swift; path = CommonTextFieldView.swift; sourceTree = "<group>"; };
		88EA1B552797B40700307111 /* VerifiyPhoneNumberViewController.swift */ = {isa = PBXFileReference; lastKnownFileType = sourcecode.swift; path = VerifiyPhoneNumberViewController.swift; sourceTree = "<group>"; };
		88EA1B582797B44A00307111 /* VerifyPhoneNumberView.swift */ = {isa = PBXFileReference; lastKnownFileType = sourcecode.swift; path = VerifyPhoneNumberView.swift; sourceTree = "<group>"; };
		88EA1B5A2797B45300307111 /* VerifyPhoneNumberViewModel.swift */ = {isa = PBXFileReference; lastKnownFileType = sourcecode.swift; path = VerifyPhoneNumberViewModel.swift; sourceTree = "<group>"; };
		88EA1B5D2797C1E800307111 /* NotoSansKR-Light.otf */ = {isa = PBXFileReference; lastKnownFileType = file; path = "NotoSansKR-Light.otf"; sourceTree = "<group>"; };
		88EA1B5E2797C1E800307111 /* NotoSansKR-Bold.otf */ = {isa = PBXFileReference; lastKnownFileType = file; path = "NotoSansKR-Bold.otf"; sourceTree = "<group>"; };
		88EA1B5F2797C1E800307111 /* NotoSansKR-Thin.otf */ = {isa = PBXFileReference; lastKnownFileType = file; path = "NotoSansKR-Thin.otf"; sourceTree = "<group>"; };
		88EA1B602797C1E800307111 /* OFL.txt */ = {isa = PBXFileReference; fileEncoding = 4; lastKnownFileType = text; path = OFL.txt; sourceTree = "<group>"; };
		88EA1B612797C1E800307111 /* NotoSansKR-Black.otf */ = {isa = PBXFileReference; lastKnownFileType = file; path = "NotoSansKR-Black.otf"; sourceTree = "<group>"; };
		88EA1B622797C1E800307111 /* NotoSansKR-Medium.otf */ = {isa = PBXFileReference; lastKnownFileType = file; path = "NotoSansKR-Medium.otf"; sourceTree = "<group>"; };
		88EA1B632797C1E800307111 /* NotoSansKR-Regular.otf */ = {isa = PBXFileReference; lastKnownFileType = file; path = "NotoSansKR-Regular.otf"; sourceTree = "<group>"; };
		88F027F92795495A00390168 /* SeSac Service Level Project.app */ = {isa = PBXFileReference; explicitFileType = wrapper.application; includeInIndex = 0; path = "SeSac Service Level Project.app"; sourceTree = BUILT_PRODUCTS_DIR; };
		88F027FC2795495A00390168 /* AppDelegate.swift */ = {isa = PBXFileReference; lastKnownFileType = sourcecode.swift; path = AppDelegate.swift; sourceTree = "<group>"; };
		88F027FE2795495A00390168 /* SceneDelegate.swift */ = {isa = PBXFileReference; lastKnownFileType = sourcecode.swift; path = SceneDelegate.swift; sourceTree = "<group>"; };
		88F028002795495A00390168 /* RegisterViewController.swift */ = {isa = PBXFileReference; lastKnownFileType = sourcecode.swift; path = RegisterViewController.swift; sourceTree = "<group>"; };
		88F028052795495E00390168 /* Assets.xcassets */ = {isa = PBXFileReference; lastKnownFileType = folder.assetcatalog; path = Assets.xcassets; sourceTree = "<group>"; };
		88F028082795495E00390168 /* Base */ = {isa = PBXFileReference; lastKnownFileType = file.storyboard; name = Base; path = Base.lproj/LaunchScreen.storyboard; sourceTree = "<group>"; };
		88F0280A2795495E00390168 /* Info.plist */ = {isa = PBXFileReference; lastKnownFileType = text.plist.xml; path = Info.plist; sourceTree = "<group>"; };
		88F0281627954AC800390168 /* RegisterView.swift */ = {isa = PBXFileReference; lastKnownFileType = sourcecode.swift; path = RegisterView.swift; sourceTree = "<group>"; };
		88F90CF02798EC0C00E518DC /* BirthViewController.swift */ = {isa = PBXFileReference; lastKnownFileType = sourcecode.swift; path = BirthViewController.swift; sourceTree = "<group>"; };
		88F90CF32798EC1B00E518DC /* BirthViewModel.swift */ = {isa = PBXFileReference; lastKnownFileType = sourcecode.swift; path = BirthViewModel.swift; sourceTree = "<group>"; };
		88F90CF52798EC2000E518DC /* BirthView.swift */ = {isa = PBXFileReference; lastKnownFileType = sourcecode.swift; path = BirthView.swift; sourceTree = "<group>"; };
		88F90CFE2798FB5200E518DC /* DatePickerView.swift */ = {isa = PBXFileReference; lastKnownFileType = sourcecode.swift; path = DatePickerView.swift; sourceTree = "<group>"; };
		88F90D002798FE2000E518DC /* EmailViewController.swift */ = {isa = PBXFileReference; lastKnownFileType = sourcecode.swift; path = EmailViewController.swift; sourceTree = "<group>"; };
		88F90D032798FE3800E518DC /* EmailView.swift */ = {isa = PBXFileReference; lastKnownFileType = sourcecode.swift; path = EmailView.swift; sourceTree = "<group>"; };
		88F90D052798FE3F00E518DC /* EmailViewModel.swift */ = {isa = PBXFileReference; lastKnownFileType = sourcecode.swift; path = EmailViewModel.swift; sourceTree = "<group>"; };
		88F90D07279909CE00E518DC /* GenderSelectionViewController.swift */ = {isa = PBXFileReference; lastKnownFileType = sourcecode.swift; path = GenderSelectionViewController.swift; sourceTree = "<group>"; };
		88F90D0A279909F400E518DC /* GenderSelectionViewModel.swift */ = {isa = PBXFileReference; lastKnownFileType = sourcecode.swift; path = GenderSelectionViewModel.swift; sourceTree = "<group>"; };
		88F90D0C27990A0100E518DC /* GenderSelectionView.swift */ = {isa = PBXFileReference; lastKnownFileType = sourcecode.swift; path = GenderSelectionView.swift; sourceTree = "<group>"; };
		88F90D12279921A400E518DC /* BirthDateView.swift */ = {isa = PBXFileReference; lastKnownFileType = sourcecode.swift; path = BirthDateView.swift; sourceTree = "<group>"; };
		88F90D14279988EE00E518DC /* GenderCustomButtonView.swift */ = {isa = PBXFileReference; lastKnownFileType = sourcecode.swift; path = GenderCustomButtonView.swift; sourceTree = "<group>"; };
		AFCF7A27F9A757CCBE8262B8 /* Pods_SeSac_Service_Level_Project.framework */ = {isa = PBXFileReference; explicitFileType = wrapper.framework; includeInIndex = 0; path = Pods_SeSac_Service_Level_Project.framework; sourceTree = BUILT_PRODUCTS_DIR; };
/* End PBXFileReference section */

/* Begin PBXFrameworksBuildPhase section */
		88F027F62795495A00390168 /* Frameworks */ = {
			isa = PBXFrameworksBuildPhase;
			buildActionMask = 2147483647;
			files = (
				8819F734279D8CF10075F656 /* RxSwift in Frameworks */,
				88820D56279BDC8600E8FCD4 /* Toast in Frameworks */,
				885F016E279A7C630049856B /* Alamofire in Frameworks */,
				8819F732279D8CF10075F656 /* RxCocoa in Frameworks */,
				E6D7CE2D16D92203805233D5 /* Pods_SeSac_Service_Level_Project.framework in Frameworks */,
				88F0281427954A9200390168 /* SnapKit in Frameworks */,
			);
			runOnlyForDeploymentPostprocessing = 0;
		};
/* End PBXFrameworksBuildPhase section */

/* Begin PBXGroup section */
		2C152C1F5350E20907248494 /* Frameworks */ = {
			isa = PBXGroup;
			children = (
				AFCF7A27F9A757CCBE8262B8 /* Pods_SeSac_Service_Level_Project.framework */,
			);
			name = Frameworks;
			sourceTree = "<group>";
		};
		8819F72F279D86F20075F656 /* Datas */ = {
			isa = PBXGroup;
			children = (
				88DE49F12796B864003D5958 /* Observable.swift */,
				8819F72D279D86EE0075F656 /* Enums.swift */,
				88CC7EF7279E63C900828537 /* ImageNames.swift */,
				883C8B8A27A041DD007BCA20 /* ColorNames.swift */,
				883C8B8C27A04330007BCA20 /* FontNames.swift */,
			);
			path = Datas;
			sourceTree = "<group>";
		};
		885C2385279D211D00FF658E /* OneBoardingView */ = {
			isa = PBXGroup;
			children = (
				885C2383279D211800FF658E /* OnboardingViewController.swift */,
				885C2386279D26C800FF658E /* OnBoardingView.swift */,
			);
			path = OneBoardingView;
			sourceTree = "<group>";
		};
		885C238A279D4FD100FF658E /* FireBase */ = {
			isa = PBXGroup;
			children = (
				88820D57279C090C00E8FCD4 /* FirebaseService.swift */,
			);
			path = FireBase;
			sourceTree = "<group>";
		};
		885F016F279A7F550049856B /* Api */ = {
			isa = PBXGroup;
			children = (
				885F016A279A7C380049856B /* ApiService.swift */,
				885F0170279A7F770049856B /* ApiData.swift */,
				88820D52279BC03600E8FCD4 /* EndPoints.swift */,
			);
			name = Api;
			sourceTree = "<group>";
		};
		88820D4F279BADE200E8FCD4 /* Extensions */ = {
			isa = PBXGroup;
			children = (
				88820D4D279BADDD00E8FCD4 /* String + extensions.swift */,
				88820D50279BB20000E8FCD4 /* Calendar + extensions.swift */,
				8819F72B279D85840075F656 /* Userdefault + extension.swift */,
				88DCEA3A27A12A6200BDB530 /* UIColor + extensions.swift */,
			);
			path = Extensions;
			sourceTree = "<group>";
		};
		889EBAD32798372F006C1A6E /* NickNamView */ = {
			isa = PBXGroup;
			children = (
				889EBAD127983714006C1A6E /* NickNameViewController.swift */,
				889EBAD427983746006C1A6E /* NickNameView.swift */,
				889EBAD627983755006C1A6E /* NickNameViewModel.swift */,
			);
			path = NickNamView;
			sourceTree = "<group>";
		};
		88CC7EEE279E4FC700828537 /* MyInfoView */ = {
			isa = PBXGroup;
			children = (
				88CC7EEC279E4FC000828537 /* MyInfoViewController.swift */,
				88CC7EEF279E4FD300828537 /* MyInfoView.swift */,
				88CC7EF1279E50EE00828537 /* MyInfoTableViewCell.swift */,
				88CC7EF3279E56DD00828537 /* MyInfoSettingCell.swift */,
				88CC7EF5279E5AC700828537 /* MyInfoViewModel.swift */,
			);
			path = MyInfoView;
			sourceTree = "<group>";
		};
		88CC7EFB279E9C5A00828537 /* ManageMyInfoView */ = {
			isa = PBXGroup;
			children = (
				88CC7EF9279E9C3E00828537 /* ManageMyInfoViewController.swift */,
				88CC7EFC279E9C6F00828537 /* ManageMyInfoView.swift */,
				88CC7EFE279E9EA100828537 /* ManageMyInfoPersonalInfoCell.swift */,
				88CC7F00279EB3A700828537 /* ManageMyInfoImageCell.swift */,
				88CC7F02279EB50700828537 /* MyGenderCell.swift */,
				88B5CE9E279FB76E00E17F09 /* ManageMyInfoAgeRangeCell.swift */,
				88B5CEA0279FBB2700E17F09 /* ManageViewModel.swift */,
				88B5CEA2279FC3FA00E17F09 /* MyPageUpdateData.swift */,
				88B5CEA4279FF3A900E17F09 /* MangeCollectionViewCell.swift */,
			);
			path = ManageMyInfoView;
			sourceTree = "<group>";
		};
		88DCEA3027A0F91D00BDB530 /* Starting Part */ = {
			isa = PBXGroup;
			children = (
				885C2385279D211D00FF658E /* OneBoardingView */,
				88F0281527954A9E00390168 /* Register */,
				88EA1B572797B42300307111 /* VerifyPhoneNumberViewController */,
				889EBAD32798372F006C1A6E /* NickNamView */,
				88F90CF22798EC1100E518DC /* BirthView */,
				88F90D022798FE2E00E518DC /* EmailView */,
				88F90D09279909E700E518DC /* GenderSelectionView */,
			);
			path = "Starting Part";
			sourceTree = "<group>";
		};
		88DCEA3127A0F93100BDB530 /* MyPage Part */ = {
			isa = PBXGroup;
			children = (
				88DCEA3C27A175E300BDB530 /* DeleteViewController.swift */,
				88DCEA3E27A1761200BDB530 /* DeleteView.swift */,
				88CC7EEE279E4FC700828537 /* MyInfoView */,
				88CC7EFB279E9C5A00828537 /* ManageMyInfoView */,
			);
			path = "MyPage Part";
			sourceTree = "<group>";
		};
		88DE49EE27965A96003D5958 /* CommonViews */ = {
			isa = PBXGroup;
			children = (
				88DE49EC27965A8C003D5958 /* InActiveButton.swift */,
				88DE49F32796D801003D5958 /* CommonTextFieldView.swift */,
			);
			path = CommonViews;
			sourceTree = "<group>";
		};
		88EA1B572797B42300307111 /* VerifyPhoneNumberViewController */ = {
			isa = PBXGroup;
			children = (
				88EA1B552797B40700307111 /* VerifiyPhoneNumberViewController.swift */,
				88EA1B582797B44A00307111 /* VerifyPhoneNumberView.swift */,
				88EA1B5A2797B45300307111 /* VerifyPhoneNumberViewModel.swift */,
			);
			path = VerifyPhoneNumberViewController;
			sourceTree = "<group>";
		};
		88EA1B5C2797C1E800307111 /* Noto_Sans_KR */ = {
			isa = PBXGroup;
			children = (
				88EA1B5D2797C1E800307111 /* NotoSansKR-Light.otf */,
				88EA1B5E2797C1E800307111 /* NotoSansKR-Bold.otf */,
				88EA1B5F2797C1E800307111 /* NotoSansKR-Thin.otf */,
				88EA1B602797C1E800307111 /* OFL.txt */,
				88EA1B612797C1E800307111 /* NotoSansKR-Black.otf */,
				88EA1B622797C1E800307111 /* NotoSansKR-Medium.otf */,
				88EA1B632797C1E800307111 /* NotoSansKR-Regular.otf */,
			);
			name = Noto_Sans_KR;
			path = ../../../Downloads/Noto_Sans_KR;
			sourceTree = "<group>";
		};
		88F027F02795495A00390168 = {
			isa = PBXGroup;
			children = (
				88F027FB2795495A00390168 /* SeSac Service Level Project */,
				88F027FA2795495A00390168 /* Products */,
				CACCCB752456BE42C8DC4C05 /* Pods */,
				2C152C1F5350E20907248494 /* Frameworks */,
			);
			sourceTree = "<group>";
		};
		88F027FA2795495A00390168 /* Products */ = {
			isa = PBXGroup;
			children = (
				88F027F92795495A00390168 /* SeSac Service Level Project.app */,
			);
			name = Products;
			sourceTree = "<group>";
		};
		88F027FB2795495A00390168 /* SeSac Service Level Project */ = {
			isa = PBXGroup;
			children = (
				88EA1B5C2797C1E800307111 /* Noto_Sans_KR */,
				88DCEA3027A0F91D00BDB530 /* Starting Part */,
				88DCEA3127A0F93100BDB530 /* MyPage Part */,
				88DE49EE27965A96003D5958 /* CommonViews */,
				885F016F279A7F550049856B /* Api */,
				88820D4F279BADE200E8FCD4 /* Extensions */,
				885C238A279D4FD100FF658E /* FireBase */,
				8819F72F279D86F20075F656 /* Datas */,
				88F028072795495E00390168 /* LaunchScreen.storyboard */,
				88F027FE2795495A00390168 /* SceneDelegate.swift */,
				88F027FC2795495A00390168 /* AppDelegate.swift */,
				88F028052795495E00390168 /* Assets.xcassets */,
				885F0172279A8DA10049856B /* GoogleService-Info.plist */,
				88F0280A2795495E00390168 /* Info.plist */,
				88DCEA3427A0F9C700BDB530 /* HomeViewController.swift */,
				88DCEA3627A0F9D500BDB530 /* MainTabBarController.swift */,
				88DCEA4027A190DE00BDB530 /* HomeView.swift */,
			);
			path = "SeSac Service Level Project";
			sourceTree = "<group>";
		};
		88F0281527954A9E00390168 /* Register */ = {
			isa = PBXGroup;
			children = (
				88F028002795495A00390168 /* RegisterViewController.swift */,
				88F0281627954AC800390168 /* RegisterView.swift */,
				88DE49EF2796B810003D5958 /* RegisterViewModel.swift */,
			);
			path = Register;
			sourceTree = "<group>";
		};
		88F90CF22798EC1100E518DC /* BirthView */ = {
			isa = PBXGroup;
			children = (
				88F90CF02798EC0C00E518DC /* BirthViewController.swift */,
				88F90CF32798EC1B00E518DC /* BirthViewModel.swift */,
				88F90CF52798EC2000E518DC /* BirthView.swift */,
				88F90CFE2798FB5200E518DC /* DatePickerView.swift */,
				88F90D12279921A400E518DC /* BirthDateView.swift */,
			);
			path = BirthView;
			sourceTree = "<group>";
		};
		88F90D022798FE2E00E518DC /* EmailView */ = {
			isa = PBXGroup;
			children = (
				88F90D002798FE2000E518DC /* EmailViewController.swift */,
				88F90D032798FE3800E518DC /* EmailView.swift */,
				88F90D052798FE3F00E518DC /* EmailViewModel.swift */,
			);
			path = EmailView;
			sourceTree = "<group>";
		};
		88F90D09279909E700E518DC /* GenderSelectionView */ = {
			isa = PBXGroup;
			children = (
				88F90D07279909CE00E518DC /* GenderSelectionViewController.swift */,
				88F90D0A279909F400E518DC /* GenderSelectionViewModel.swift */,
				88F90D0C27990A0100E518DC /* GenderSelectionView.swift */,
				88F90D14279988EE00E518DC /* GenderCustomButtonView.swift */,
			);
			path = GenderSelectionView;
			sourceTree = "<group>";
		};
		CACCCB752456BE42C8DC4C05 /* Pods */ = {
			isa = PBXGroup;
			children = (
				230AD1F48C96E2FC3466D59C /* Pods-SeSac Service Level Project.debug.xcconfig */,
				68EF1A1A56691D9BC1B1886E /* Pods-SeSac Service Level Project.release.xcconfig */,
			);
			path = Pods;
			sourceTree = "<group>";
		};
/* End PBXGroup section */

/* Begin PBXNativeTarget section */
		88F027F82795495A00390168 /* SeSac Service Level Project */ = {
			isa = PBXNativeTarget;
			buildConfigurationList = 88F0280D2795495E00390168 /* Build configuration list for PBXNativeTarget "SeSac Service Level Project" */;
			buildPhases = (
				0F014E39C8EAD1E4F86E52F4 /* [CP] Check Pods Manifest.lock */,
				88F027F52795495A00390168 /* Sources */,
				88F027F62795495A00390168 /* Frameworks */,
				88F027F72795495A00390168 /* Resources */,
				5C6E6EF88400092D73AE1595 /* [CP] Embed Pods Frameworks */,
			);
			buildRules = (
			);
			dependencies = (
			);
			name = "SeSac Service Level Project";
			packageProductDependencies = (
				88F0281327954A9200390168 /* SnapKit */,
				885F016D279A7C630049856B /* Alamofire */,
				88820D55279BDC8600E8FCD4 /* Toast */,
				8819F731279D8CF10075F656 /* RxCocoa */,
				8819F733279D8CF10075F656 /* RxSwift */,
			);
			productName = "SeSac Service Level Project";
			productReference = 88F027F92795495A00390168 /* SeSac Service Level Project.app */;
			productType = "com.apple.product-type.application";
		};
/* End PBXNativeTarget section */

/* Begin PBXProject section */
		88F027F12795495A00390168 /* Project object */ = {
			isa = PBXProject;
			attributes = {
				BuildIndependentTargetsInParallel = 1;
				LastSwiftUpdateCheck = 1300;
				LastUpgradeCheck = 1300;
				TargetAttributes = {
					88F027F82795495A00390168 = {
						CreatedOnToolsVersion = 13.0;
					};
				};
			};
			buildConfigurationList = 88F027F42795495A00390168 /* Build configuration list for PBXProject "SeSac Service Level Project" */;
			compatibilityVersion = "Xcode 13.0";
			developmentRegion = en;
			hasScannedForEncodings = 0;
			knownRegions = (
				en,
				Base,
			);
			mainGroup = 88F027F02795495A00390168;
			packageReferences = (
				88F0281227954A9200390168 /* XCRemoteSwiftPackageReference "SnapKit" */,
				885F016C279A7C630049856B /* XCRemoteSwiftPackageReference "Alamofire" */,
				88820D54279BDC8600E8FCD4 /* XCRemoteSwiftPackageReference "Toast-Swift" */,
				8819F730279D8CF10075F656 /* XCRemoteSwiftPackageReference "RxSwift" */,
			);
			productRefGroup = 88F027FA2795495A00390168 /* Products */;
			projectDirPath = "";
			projectRoot = "";
			targets = (
				88F027F82795495A00390168 /* SeSac Service Level Project */,
			);
		};
/* End PBXProject section */

/* Begin PBXResourcesBuildPhase section */
		88F027F72795495A00390168 /* Resources */ = {
			isa = PBXResourcesBuildPhase;
			buildActionMask = 2147483647;
			files = (
				88EA1B672797C1E800307111 /* OFL.txt in Resources */,
				88EA1B662797C1E800307111 /* NotoSansKR-Thin.otf in Resources */,
				88F028092795495E00390168 /* LaunchScreen.storyboard in Resources */,
				88EA1B692797C1E800307111 /* NotoSansKR-Medium.otf in Resources */,
				88EA1B6A2797C1E800307111 /* NotoSansKR-Regular.otf in Resources */,
				88F028062795495E00390168 /* Assets.xcassets in Resources */,
				88EA1B642797C1E800307111 /* NotoSansKR-Light.otf in Resources */,
				885F0173279A8DA10049856B /* GoogleService-Info.plist in Resources */,
				88EA1B652797C1E800307111 /* NotoSansKR-Bold.otf in Resources */,
				88EA1B682797C1E800307111 /* NotoSansKR-Black.otf in Resources */,
			);
			runOnlyForDeploymentPostprocessing = 0;
		};
/* End PBXResourcesBuildPhase section */

/* Begin PBXShellScriptBuildPhase section */
		0F014E39C8EAD1E4F86E52F4 /* [CP] Check Pods Manifest.lock */ = {
			isa = PBXShellScriptBuildPhase;
			buildActionMask = 2147483647;
			files = (
			);
			inputFileListPaths = (
			);
			inputPaths = (
				"${PODS_PODFILE_DIR_PATH}/Podfile.lock",
				"${PODS_ROOT}/Manifest.lock",
			);
			name = "[CP] Check Pods Manifest.lock";
			outputFileListPaths = (
			);
			outputPaths = (
				"$(DERIVED_FILE_DIR)/Pods-SeSac Service Level Project-checkManifestLockResult.txt",
			);
			runOnlyForDeploymentPostprocessing = 0;
			shellPath = /bin/sh;
			shellScript = "diff \"${PODS_PODFILE_DIR_PATH}/Podfile.lock\" \"${PODS_ROOT}/Manifest.lock\" > /dev/null\nif [ $? != 0 ] ; then\n    # print error to STDERR\n    echo \"error: The sandbox is not in sync with the Podfile.lock. Run 'pod install' or update your CocoaPods installation.\" >&2\n    exit 1\nfi\n# This output is used by Xcode 'outputs' to avoid re-running this script phase.\necho \"SUCCESS\" > \"${SCRIPT_OUTPUT_FILE_0}\"\n";
			showEnvVarsInLog = 0;
		};
		5C6E6EF88400092D73AE1595 /* [CP] Embed Pods Frameworks */ = {
			isa = PBXShellScriptBuildPhase;
			buildActionMask = 2147483647;
			files = (
			);
			inputFileListPaths = (
				"${PODS_ROOT}/Target Support Files/Pods-SeSac Service Level Project/Pods-SeSac Service Level Project-frameworks-${CONFIGURATION}-input-files.xcfilelist",
			);
			name = "[CP] Embed Pods Frameworks";
			outputFileListPaths = (
				"${PODS_ROOT}/Target Support Files/Pods-SeSac Service Level Project/Pods-SeSac Service Level Project-frameworks-${CONFIGURATION}-output-files.xcfilelist",
			);
			runOnlyForDeploymentPostprocessing = 0;
			shellPath = /bin/sh;
			shellScript = "\"${PODS_ROOT}/Target Support Files/Pods-SeSac Service Level Project/Pods-SeSac Service Level Project-frameworks.sh\"\n";
			showEnvVarsInLog = 0;
		};
/* End PBXShellScriptBuildPhase section */

/* Begin PBXSourcesBuildPhase section */
		88F027F52795495A00390168 /* Sources */ = {
			isa = PBXSourcesBuildPhase;
			buildActionMask = 2147483647;
			files = (
				88CC7EF6279E5AC700828537 /* MyInfoViewModel.swift in Sources */,
				883C8B8D27A04330007BCA20 /* FontNames.swift in Sources */,
				88DCEA3727A0F9D500BDB530 /* MainTabBarController.swift in Sources */,
				88F028012795495A00390168 /* RegisterViewController.swift in Sources */,
				88F90D0B279909F400E518DC /* GenderSelectionViewModel.swift in Sources */,
				88B5CEA3279FC3FA00E17F09 /* MyPageUpdateData.swift in Sources */,
				88820D58279C090C00E8FCD4 /* FirebaseService.swift in Sources */,
				88DCEA4127A190DF00BDB530 /* HomeView.swift in Sources */,
				88DE49F42796D801003D5958 /* CommonTextFieldView.swift in Sources */,
				88CC7EF0279E4FD300828537 /* MyInfoView.swift in Sources */,
				889EBAD727983755006C1A6E /* NickNameViewModel.swift in Sources */,
				88F90CF62798EC2000E518DC /* BirthView.swift in Sources */,
				885F016B279A7C380049856B /* ApiService.swift in Sources */,
				88CC7EED279E4FC000828537 /* MyInfoViewController.swift in Sources */,
				88DE49F02796B811003D5958 /* RegisterViewModel.swift in Sources */,
				88F90CF42798EC1B00E518DC /* BirthViewModel.swift in Sources */,
				88B5CEA5279FF3AA00E17F09 /* MangeCollectionViewCell.swift in Sources */,
				885C2387279D26C800FF658E /* OnBoardingView.swift in Sources */,
				88DCEA3F27A1761200BDB530 /* DeleteView.swift in Sources */,
				88CC7F03279EB50700828537 /* MyGenderCell.swift in Sources */,
				889EBAD527983746006C1A6E /* NickNameView.swift in Sources */,
				88EA1B592797B44A00307111 /* VerifyPhoneNumberView.swift in Sources */,
				889EBAD227983714006C1A6E /* NickNameViewController.swift in Sources */,
				88F90D042798FE3800E518DC /* EmailView.swift in Sources */,
				88DCEA3D27A175E300BDB530 /* DeleteViewController.swift in Sources */,
				88B5CEA1279FBB2700E17F09 /* ManageViewModel.swift in Sources */,
				88CC7EFF279E9EA100828537 /* ManageMyInfoPersonalInfoCell.swift in Sources */,
				88F90D08279909CE00E518DC /* GenderSelectionViewController.swift in Sources */,
				88EA1B562797B40700307111 /* VerifiyPhoneNumberViewController.swift in Sources */,
				88820D4E279BADDD00E8FCD4 /* String + extensions.swift in Sources */,
				88EA1B5B2797B45300307111 /* VerifyPhoneNumberViewModel.swift in Sources */,
				883C8B8B27A041DD007BCA20 /* ColorNames.swift in Sources */,
				88DCEA3B27A12A6200BDB530 /* UIColor + extensions.swift in Sources */,
				88F0281727954AC800390168 /* RegisterView.swift in Sources */,
				88F90CFF2798FB5200E518DC /* DatePickerView.swift in Sources */,
				88CC7EFD279E9C6F00828537 /* ManageMyInfoView.swift in Sources */,
				88F90D012798FE2000E518DC /* EmailViewController.swift in Sources */,
				88820D53279BC03600E8FCD4 /* EndPoints.swift in Sources */,
				88DE49F22796B864003D5958 /* Observable.swift in Sources */,
				88F90D0D27990A0100E518DC /* GenderSelectionView.swift in Sources */,
				88B5CE9F279FB76E00E17F09 /* ManageMyInfoAgeRangeCell.swift in Sources */,
				88CC7EF4279E56DD00828537 /* MyInfoSettingCell.swift in Sources */,
				885F0171279A7F770049856B /* ApiData.swift in Sources */,
				88F90D062798FE3F00E518DC /* EmailViewModel.swift in Sources */,
				88F90D15279988EE00E518DC /* GenderCustomButtonView.swift in Sources */,
				88F90D13279921A400E518DC /* BirthDateView.swift in Sources */,
				88DCEA3527A0F9C700BDB530 /* HomeViewController.swift in Sources */,
				88CC7EF8279E63C900828537 /* ImageNames.swift in Sources */,
				88F027FD2795495A00390168 /* AppDelegate.swift in Sources */,
				88F027FF2795495A00390168 /* SceneDelegate.swift in Sources */,
				88CC7EFA279E9C3E00828537 /* ManageMyInfoViewController.swift in Sources */,
				88CC7F01279EB3A700828537 /* ManageMyInfoImageCell.swift in Sources */,
				88DE49ED27965A8C003D5958 /* InActiveButton.swift in Sources */,
				88CC7EF2279E50EE00828537 /* MyInfoTableViewCell.swift in Sources */,
				88F90CF12798EC0C00E518DC /* BirthViewController.swift in Sources */,
				885C2384279D211800FF658E /* OnboardingViewController.swift in Sources */,
				88820D51279BB20000E8FCD4 /* Calendar + extensions.swift in Sources */,
				8819F72E279D86EE0075F656 /* Enums.swift in Sources */,
				8819F72C279D85840075F656 /* Userdefault + extension.swift in Sources */,
			);
			runOnlyForDeploymentPostprocessing = 0;
		};
/* End PBXSourcesBuildPhase section */

/* Begin PBXVariantGroup section */
		88F028072795495E00390168 /* LaunchScreen.storyboard */ = {
			isa = PBXVariantGroup;
			children = (
				88F028082795495E00390168 /* Base */,
			);
			name = LaunchScreen.storyboard;
			sourceTree = "<group>";
		};
/* End PBXVariantGroup section */

/* Begin XCBuildConfiguration section */
		88F0280B2795495E00390168 /* Debug */ = {
			isa = XCBuildConfiguration;
			buildSettings = {
				ALWAYS_SEARCH_USER_PATHS = NO;
				CLANG_ANALYZER_NONNULL = YES;
				CLANG_ANALYZER_NUMBER_OBJECT_CONVERSION = YES_AGGRESSIVE;
				CLANG_CXX_LANGUAGE_STANDARD = "gnu++17";
				CLANG_CXX_LIBRARY = "libc++";
				CLANG_ENABLE_MODULES = YES;
				CLANG_ENABLE_OBJC_ARC = YES;
				CLANG_ENABLE_OBJC_WEAK = YES;
				CLANG_WARN_BLOCK_CAPTURE_AUTORELEASING = YES;
				CLANG_WARN_BOOL_CONVERSION = YES;
				CLANG_WARN_COMMA = YES;
				CLANG_WARN_CONSTANT_CONVERSION = YES;
				CLANG_WARN_DEPRECATED_OBJC_IMPLEMENTATIONS = YES;
				CLANG_WARN_DIRECT_OBJC_ISA_USAGE = YES_ERROR;
				CLANG_WARN_DOCUMENTATION_COMMENTS = YES;
				CLANG_WARN_EMPTY_BODY = YES;
				CLANG_WARN_ENUM_CONVERSION = YES;
				CLANG_WARN_INFINITE_RECURSION = YES;
				CLANG_WARN_INT_CONVERSION = YES;
				CLANG_WARN_NON_LITERAL_NULL_CONVERSION = YES;
				CLANG_WARN_OBJC_IMPLICIT_RETAIN_SELF = YES;
				CLANG_WARN_OBJC_LITERAL_CONVERSION = YES;
				CLANG_WARN_OBJC_ROOT_CLASS = YES_ERROR;
				CLANG_WARN_QUOTED_INCLUDE_IN_FRAMEWORK_HEADER = YES;
				CLANG_WARN_RANGE_LOOP_ANALYSIS = YES;
				CLANG_WARN_STRICT_PROTOTYPES = YES;
				CLANG_WARN_SUSPICIOUS_MOVE = YES;
				CLANG_WARN_UNGUARDED_AVAILABILITY = YES_AGGRESSIVE;
				CLANG_WARN_UNREACHABLE_CODE = YES;
				CLANG_WARN__DUPLICATE_METHOD_MATCH = YES;
				COPY_PHASE_STRIP = NO;
				DEBUG_INFORMATION_FORMAT = dwarf;
				ENABLE_STRICT_OBJC_MSGSEND = YES;
				ENABLE_TESTABILITY = YES;
				GCC_C_LANGUAGE_STANDARD = gnu11;
				GCC_DYNAMIC_NO_PIC = NO;
				GCC_NO_COMMON_BLOCKS = YES;
				GCC_OPTIMIZATION_LEVEL = 0;
				GCC_PREPROCESSOR_DEFINITIONS = (
					"DEBUG=1",
					"$(inherited)",
				);
				GCC_WARN_64_TO_32_BIT_CONVERSION = YES;
				GCC_WARN_ABOUT_RETURN_TYPE = YES_ERROR;
				GCC_WARN_UNDECLARED_SELECTOR = YES;
				GCC_WARN_UNINITIALIZED_AUTOS = YES_AGGRESSIVE;
				GCC_WARN_UNUSED_FUNCTION = YES;
				GCC_WARN_UNUSED_VARIABLE = YES;
				IPHONEOS_DEPLOYMENT_TARGET = 15.0;
				MTL_ENABLE_DEBUG_INFO = INCLUDE_SOURCE;
				MTL_FAST_MATH = YES;
				ONLY_ACTIVE_ARCH = YES;
				SDKROOT = iphoneos;
				SWIFT_ACTIVE_COMPILATION_CONDITIONS = DEBUG;
				SWIFT_OPTIMIZATION_LEVEL = "-Onone";
			};
			name = Debug;
		};
		88F0280C2795495E00390168 /* Release */ = {
			isa = XCBuildConfiguration;
			buildSettings = {
				ALWAYS_SEARCH_USER_PATHS = NO;
				CLANG_ANALYZER_NONNULL = YES;
				CLANG_ANALYZER_NUMBER_OBJECT_CONVERSION = YES_AGGRESSIVE;
				CLANG_CXX_LANGUAGE_STANDARD = "gnu++17";
				CLANG_CXX_LIBRARY = "libc++";
				CLANG_ENABLE_MODULES = YES;
				CLANG_ENABLE_OBJC_ARC = YES;
				CLANG_ENABLE_OBJC_WEAK = YES;
				CLANG_WARN_BLOCK_CAPTURE_AUTORELEASING = YES;
				CLANG_WARN_BOOL_CONVERSION = YES;
				CLANG_WARN_COMMA = YES;
				CLANG_WARN_CONSTANT_CONVERSION = YES;
				CLANG_WARN_DEPRECATED_OBJC_IMPLEMENTATIONS = YES;
				CLANG_WARN_DIRECT_OBJC_ISA_USAGE = YES_ERROR;
				CLANG_WARN_DOCUMENTATION_COMMENTS = YES;
				CLANG_WARN_EMPTY_BODY = YES;
				CLANG_WARN_ENUM_CONVERSION = YES;
				CLANG_WARN_INFINITE_RECURSION = YES;
				CLANG_WARN_INT_CONVERSION = YES;
				CLANG_WARN_NON_LITERAL_NULL_CONVERSION = YES;
				CLANG_WARN_OBJC_IMPLICIT_RETAIN_SELF = YES;
				CLANG_WARN_OBJC_LITERAL_CONVERSION = YES;
				CLANG_WARN_OBJC_ROOT_CLASS = YES_ERROR;
				CLANG_WARN_QUOTED_INCLUDE_IN_FRAMEWORK_HEADER = YES;
				CLANG_WARN_RANGE_LOOP_ANALYSIS = YES;
				CLANG_WARN_STRICT_PROTOTYPES = YES;
				CLANG_WARN_SUSPICIOUS_MOVE = YES;
				CLANG_WARN_UNGUARDED_AVAILABILITY = YES_AGGRESSIVE;
				CLANG_WARN_UNREACHABLE_CODE = YES;
				CLANG_WARN__DUPLICATE_METHOD_MATCH = YES;
				COPY_PHASE_STRIP = NO;
				DEBUG_INFORMATION_FORMAT = "dwarf-with-dsym";
				ENABLE_NS_ASSERTIONS = NO;
				ENABLE_STRICT_OBJC_MSGSEND = YES;
				GCC_C_LANGUAGE_STANDARD = gnu11;
				GCC_NO_COMMON_BLOCKS = YES;
				GCC_WARN_64_TO_32_BIT_CONVERSION = YES;
				GCC_WARN_ABOUT_RETURN_TYPE = YES_ERROR;
				GCC_WARN_UNDECLARED_SELECTOR = YES;
				GCC_WARN_UNINITIALIZED_AUTOS = YES_AGGRESSIVE;
				GCC_WARN_UNUSED_FUNCTION = YES;
				GCC_WARN_UNUSED_VARIABLE = YES;
				IPHONEOS_DEPLOYMENT_TARGET = 15.0;
				MTL_ENABLE_DEBUG_INFO = NO;
				MTL_FAST_MATH = YES;
				SDKROOT = iphoneos;
				SWIFT_COMPILATION_MODE = wholemodule;
				SWIFT_OPTIMIZATION_LEVEL = "-O";
				VALIDATE_PRODUCT = YES;
			};
			name = Release;
		};
		88F0280E2795495E00390168 /* Debug */ = {
			isa = XCBuildConfiguration;
			baseConfigurationReference = 230AD1F48C96E2FC3466D59C /* Pods-SeSac Service Level Project.debug.xcconfig */;
			buildSettings = {
				ASSETCATALOG_COMPILER_APPICON_NAME = AppIcon;
				ASSETCATALOG_COMPILER_GLOBAL_ACCENT_COLOR_NAME = AccentColor;
				CODE_SIGN_STYLE = Automatic;
				CURRENT_PROJECT_VERSION = 1;
				DEVELOPMENT_TEAM = 2EZ5QWFYX2;
				GENERATE_INFOPLIST_FILE = YES;
				INFOPLIST_FILE = "SeSac Service Level Project/Info.plist";
				INFOPLIST_KEY_UIApplicationSupportsIndirectInputEvents = YES;
				INFOPLIST_KEY_UILaunchStoryboardName = LaunchScreen;
				INFOPLIST_KEY_UISupportedInterfaceOrientations_iPad = "UIInterfaceOrientationPortrait UIInterfaceOrientationPortraitUpsideDown UIInterfaceOrientationLandscapeLeft UIInterfaceOrientationLandscapeRight";
				INFOPLIST_KEY_UISupportedInterfaceOrientations_iPhone = "UIInterfaceOrientationPortrait UIInterfaceOrientationLandscapeLeft UIInterfaceOrientationLandscapeRight";
				LD_RUNPATH_SEARCH_PATHS = (
					"$(inherited)",
					"@executable_path/Frameworks",
				);
				MARKETING_VERSION = 1.0;
				PRODUCT_BUNDLE_IDENTIFIER = com.memolease.sesac1;
				PRODUCT_NAME = "$(TARGET_NAME)";
				SWIFT_EMIT_LOC_STRINGS = YES;
				SWIFT_VERSION = 5.0;
				TARGETED_DEVICE_FAMILY = "1,2";
			};
			name = Debug;
		};
		88F0280F2795495E00390168 /* Release */ = {
			isa = XCBuildConfiguration;
			baseConfigurationReference = 68EF1A1A56691D9BC1B1886E /* Pods-SeSac Service Level Project.release.xcconfig */;
			buildSettings = {
				ASSETCATALOG_COMPILER_APPICON_NAME = AppIcon;
				ASSETCATALOG_COMPILER_GLOBAL_ACCENT_COLOR_NAME = AccentColor;
				CODE_SIGN_STYLE = Automatic;
				CURRENT_PROJECT_VERSION = 1;
				DEVELOPMENT_TEAM = 2EZ5QWFYX2;
				GENERATE_INFOPLIST_FILE = YES;
				INFOPLIST_FILE = "SeSac Service Level Project/Info.plist";
				INFOPLIST_KEY_UIApplicationSupportsIndirectInputEvents = YES;
				INFOPLIST_KEY_UILaunchStoryboardName = LaunchScreen;
				INFOPLIST_KEY_UISupportedInterfaceOrientations_iPad = "UIInterfaceOrientationPortrait UIInterfaceOrientationPortraitUpsideDown UIInterfaceOrientationLandscapeLeft UIInterfaceOrientationLandscapeRight";
				INFOPLIST_KEY_UISupportedInterfaceOrientations_iPhone = "UIInterfaceOrientationPortrait UIInterfaceOrientationLandscapeLeft UIInterfaceOrientationLandscapeRight";
				LD_RUNPATH_SEARCH_PATHS = (
					"$(inherited)",
					"@executable_path/Frameworks",
				);
				MARKETING_VERSION = 1.0;
				PRODUCT_BUNDLE_IDENTIFIER = com.memolease.sesac1;
				PRODUCT_NAME = "$(TARGET_NAME)";
				SWIFT_EMIT_LOC_STRINGS = YES;
				SWIFT_VERSION = 5.0;
				TARGETED_DEVICE_FAMILY = "1,2";
			};
			name = Release;
		};
/* End XCBuildConfiguration section */

/* Begin XCConfigurationList section */
		88F027F42795495A00390168 /* Build configuration list for PBXProject "SeSac Service Level Project" */ = {
			isa = XCConfigurationList;
			buildConfigurations = (
				88F0280B2795495E00390168 /* Debug */,
				88F0280C2795495E00390168 /* Release */,
			);
			defaultConfigurationIsVisible = 0;
			defaultConfigurationName = Release;
		};
		88F0280D2795495E00390168 /* Build configuration list for PBXNativeTarget "SeSac Service Level Project" */ = {
			isa = XCConfigurationList;
			buildConfigurations = (
				88F0280E2795495E00390168 /* Debug */,
				88F0280F2795495E00390168 /* Release */,
			);
			defaultConfigurationIsVisible = 0;
			defaultConfigurationName = Release;
		};
/* End XCConfigurationList section */

/* Begin XCRemoteSwiftPackageReference section */
		8819F730279D8CF10075F656 /* XCRemoteSwiftPackageReference "RxSwift" */ = {
			isa = XCRemoteSwiftPackageReference;
			repositoryURL = "https://github.com/ReactiveX/RxSwift.git";
			requirement = {
				branch = main;
				kind = branch;
			};
		};
		885F016C279A7C630049856B /* XCRemoteSwiftPackageReference "Alamofire" */ = {
			isa = XCRemoteSwiftPackageReference;
			repositoryURL = "https://github.com/Alamofire/Alamofire";
			requirement = {
				branch = master;
				kind = branch;
			};
		};
		88820D54279BDC8600E8FCD4 /* XCRemoteSwiftPackageReference "Toast-Swift" */ = {
			isa = XCRemoteSwiftPackageReference;
			repositoryURL = "https://github.com/scalessec/Toast-Swift.git";
			requirement = {
				branch = master;
				kind = branch;
			};
		};
		88F0281227954A9200390168 /* XCRemoteSwiftPackageReference "SnapKit" */ = {
			isa = XCRemoteSwiftPackageReference;
			repositoryURL = "https://github.com/SnapKit/SnapKit.git";
			requirement = {
				branch = develop;
				kind = branch;
			};
		};
/* End XCRemoteSwiftPackageReference section */

/* Begin XCSwiftPackageProductDependency section */
		8819F731279D8CF10075F656 /* RxCocoa */ = {
			isa = XCSwiftPackageProductDependency;
			package = 8819F730279D8CF10075F656 /* XCRemoteSwiftPackageReference "RxSwift" */;
			productName = RxCocoa;
		};
		8819F733279D8CF10075F656 /* RxSwift */ = {
			isa = XCSwiftPackageProductDependency;
			package = 8819F730279D8CF10075F656 /* XCRemoteSwiftPackageReference "RxSwift" */;
			productName = RxSwift;
		};
		885F016D279A7C630049856B /* Alamofire */ = {
			isa = XCSwiftPackageProductDependency;
			package = 885F016C279A7C630049856B /* XCRemoteSwiftPackageReference "Alamofire" */;
			productName = Alamofire;
		};
		88820D55279BDC8600E8FCD4 /* Toast */ = {
			isa = XCSwiftPackageProductDependency;
			package = 88820D54279BDC8600E8FCD4 /* XCRemoteSwiftPackageReference "Toast-Swift" */;
			productName = Toast;
		};
		88F0281327954A9200390168 /* SnapKit */ = {
			isa = XCSwiftPackageProductDependency;
			package = 88F0281227954A9200390168 /* XCRemoteSwiftPackageReference "SnapKit" */;
			productName = SnapKit;
		};
/* End XCSwiftPackageProductDependency section */
	};
	rootObject = 88F027F12795495A00390168 /* Project object */;
}
