// !$*UTF8*$!
{
	archiveVersion = 1;
	classes = {
	};
	objectVersion = 55;
	objects = {

/* Begin PBXBuildFile section */
		889EBAD227983714006C1A6E /* NickNameViewController.swift in Sources */ = {isa = PBXBuildFile; fileRef = 889EBAD127983714006C1A6E /* NickNameViewController.swift */; };
		889EBAD527983746006C1A6E /* NickNameView.swift in Sources */ = {isa = PBXBuildFile; fileRef = 889EBAD427983746006C1A6E /* NickNameView.swift */; };
		889EBAD727983755006C1A6E /* NickNameViewModel.swift in Sources */ = {isa = PBXBuildFile; fileRef = 889EBAD627983755006C1A6E /* NickNameViewModel.swift */; };
		88DE49ED27965A8C003D5958 /* InActiveButton.swift in Sources */ = {isa = PBXBuildFile; fileRef = 88DE49EC27965A8C003D5958 /* InActiveButton.swift */; };
		88DE49F02796B811003D5958 /* RegisterViewModel.swift in Sources */ = {isa = PBXBuildFile; fileRef = 88DE49EF2796B810003D5958 /* RegisterViewModel.swift */; };
		88DE49F22796B864003D5958 /* Observable.swift in Sources */ = {isa = PBXBuildFile; fileRef = 88DE49F12796B864003D5958 /* Observable.swift */; };
		88DE49F42796D801003D5958 /* CommonTextFieldView.swift in Sources */ = {isa = PBXBuildFile; fileRef = 88DE49F32796D801003D5958 /* CommonTextFieldView.swift */; };
		88EA1B562797B40700307111 /* VerifiyPhoneNumberViewController.swift in Sources */ = {isa = PBXBuildFile; fileRef = 88EA1B552797B40700307111 /* VerifiyPhoneNumberViewController.swift */; };
		88EA1B592797B44A00307111 /* VerifyPhoneNumberView.swift in Sources */ = {isa = PBXBuildFile; fileRef = 88EA1B582797B44A00307111 /* VerifyPhoneNumberView.swift */; };
		88EA1B5B2797B45300307111 /* VerifyPhoneNumberViewModel.swift in Sources */ = {isa = PBXBuildFile; fileRef = 88EA1B5A2797B45300307111 /* VerifyPhoneNumberViewModel.swift */; };
		88EA1B642797C1E800307111 /* NotoSansKR-Light.otf in Resources */ = {isa = PBXBuildFile; fileRef = 88EA1B5D2797C1E800307111 /* NotoSansKR-Light.otf */; };
		88EA1B652797C1E800307111 /* NotoSansKR-Bold.otf in Resources */ = {isa = PBXBuildFile; fileRef = 88EA1B5E2797C1E800307111 /* NotoSansKR-Bold.otf */; };
		88EA1B662797C1E800307111 /* NotoSansKR-Thin.otf in Resources */ = {isa = PBXBuildFile; fileRef = 88EA1B5F2797C1E800307111 /* NotoSansKR-Thin.otf */; };
		88EA1B672797C1E800307111 /* OFL.txt in Resources */ = {isa = PBXBuildFile; fileRef = 88EA1B602797C1E800307111 /* OFL.txt */; };
		88EA1B682797C1E800307111 /* NotoSansKR-Black.otf in Resources */ = {isa = PBXBuildFile; fileRef = 88EA1B612797C1E800307111 /* NotoSansKR-Black.otf */; };
		88EA1B692797C1E800307111 /* NotoSansKR-Medium.otf in Resources */ = {isa = PBXBuildFile; fileRef = 88EA1B622797C1E800307111 /* NotoSansKR-Medium.otf */; };
		88EA1B6A2797C1E800307111 /* NotoSansKR-Regular.otf in Resources */ = {isa = PBXBuildFile; fileRef = 88EA1B632797C1E800307111 /* NotoSansKR-Regular.otf */; };
		88F027FD2795495A00390168 /* AppDelegate.swift in Sources */ = {isa = PBXBuildFile; fileRef = 88F027FC2795495A00390168 /* AppDelegate.swift */; };
		88F027FF2795495A00390168 /* SceneDelegate.swift in Sources */ = {isa = PBXBuildFile; fileRef = 88F027FE2795495A00390168 /* SceneDelegate.swift */; };
		88F028012795495A00390168 /* RegisterViewController.swift in Sources */ = {isa = PBXBuildFile; fileRef = 88F028002795495A00390168 /* RegisterViewController.swift */; };
		88F028062795495E00390168 /* Assets.xcassets in Resources */ = {isa = PBXBuildFile; fileRef = 88F028052795495E00390168 /* Assets.xcassets */; };
		88F028092795495E00390168 /* LaunchScreen.storyboard in Resources */ = {isa = PBXBuildFile; fileRef = 88F028072795495E00390168 /* LaunchScreen.storyboard */; };
		88F02811279549E200390168 /* GoogleService-Info.plist in Resources */ = {isa = PBXBuildFile; fileRef = 88F02810279549E200390168 /* GoogleService-Info.plist */; };
		88F0281427954A9200390168 /* SnapKit in Frameworks */ = {isa = PBXBuildFile; productRef = 88F0281327954A9200390168 /* SnapKit */; };
		88F0281727954AC800390168 /* RegisterView.swift in Sources */ = {isa = PBXBuildFile; fileRef = 88F0281627954AC800390168 /* RegisterView.swift */; };
		E6D7CE2D16D92203805233D5 /* Pods_SeSac_Service_Level_Project.framework in Frameworks */ = {isa = PBXBuildFile; fileRef = AFCF7A27F9A757CCBE8262B8 /* Pods_SeSac_Service_Level_Project.framework */; };
/* End PBXBuildFile section */

/* Begin PBXFileReference section */
		230AD1F48C96E2FC3466D59C /* Pods-SeSac Service Level Project.debug.xcconfig */ = {isa = PBXFileReference; includeInIndex = 1; lastKnownFileType = text.xcconfig; name = "Pods-SeSac Service Level Project.debug.xcconfig"; path = "Target Support Files/Pods-SeSac Service Level Project/Pods-SeSac Service Level Project.debug.xcconfig"; sourceTree = "<group>"; };
		68EF1A1A56691D9BC1B1886E /* Pods-SeSac Service Level Project.release.xcconfig */ = {isa = PBXFileReference; includeInIndex = 1; lastKnownFileType = text.xcconfig; name = "Pods-SeSac Service Level Project.release.xcconfig"; path = "Target Support Files/Pods-SeSac Service Level Project/Pods-SeSac Service Level Project.release.xcconfig"; sourceTree = "<group>"; };
		889EBAD127983714006C1A6E /* NickNameViewController.swift */ = {isa = PBXFileReference; lastKnownFileType = sourcecode.swift; path = NickNameViewController.swift; sourceTree = "<group>"; };
		889EBAD427983746006C1A6E /* NickNameView.swift */ = {isa = PBXFileReference; lastKnownFileType = sourcecode.swift; path = NickNameView.swift; sourceTree = "<group>"; };
		889EBAD627983755006C1A6E /* NickNameViewModel.swift */ = {isa = PBXFileReference; lastKnownFileType = sourcecode.swift; path = NickNameViewModel.swift; sourceTree = "<group>"; };
		88DE49EC27965A8C003D5958 /* InActiveButton.swift */ = {isa = PBXFileReference; lastKnownFileType = sourcecode.swift; path = InActiveButton.swift; sourceTree = "<group>"; };
		88DE49EF2796B810003D5958 /* RegisterViewModel.swift */ = {isa = PBXFileReference; lastKnownFileType = sourcecode.swift; path = RegisterViewModel.swift; sourceTree = "<group>"; };
		88DE49F12796B864003D5958 /* Observable.swift */ = {isa = PBXFileReference; lastKnownFileType = sourcecode.swift; path = Observable.swift; sourceTree = "<group>"; };
		88DE49F32796D801003D5958 /* CommonTextFieldView.swift */ = {isa = PBXFileReference; lastKnownFileType = sourcecode.swift; path = CommonTextFieldView.swift; sourceTree = "<group>"; };
		88EA1B552797B40700307111 /* VerifiyPhoneNumberViewController.swift */ = {isa = PBXFileReference; lastKnownFileType = sourcecode.swift; path = VerifiyPhoneNumberViewController.swift; sourceTree = "<group>"; };
		88EA1B582797B44A00307111 /* VerifyPhoneNumberView.swift */ = {isa = PBXFileReference; lastKnownFileType = sourcecode.swift; path = VerifyPhoneNumberView.swift; sourceTree = "<group>"; };
		88EA1B5A2797B45300307111 /* VerifyPhoneNumberViewModel.swift */ = {isa = PBXFileReference; lastKnownFileType = sourcecode.swift; path = VerifyPhoneNumberViewModel.swift; sourceTree = "<group>"; };
		88EA1B5D2797C1E800307111 /* NotoSansKR-Light.otf */ = {isa = PBXFileReference; lastKnownFileType = file; path = "NotoSansKR-Light.otf"; sourceTree = "<group>"; };
		88EA1B5E2797C1E800307111 /* NotoSansKR-Bold.otf */ = {isa = PBXFileReference; lastKnownFileType = file; path = "NotoSansKR-Bold.otf"; sourceTree = "<group>"; };
		88EA1B5F2797C1E800307111 /* NotoSansKR-Thin.otf */ = {isa = PBXFileReference; lastKnownFileType = file; path = "NotoSansKR-Thin.otf"; sourceTree = "<group>"; };
		88EA1B602797C1E800307111 /* OFL.txt */ = {isa = PBXFileReference; fileEncoding = 4; lastKnownFileType = text; path = OFL.txt; sourceTree = "<group>"; };
		88EA1B612797C1E800307111 /* NotoSansKR-Black.otf */ = {isa = PBXFileReference; lastKnownFileType = file; path = "NotoSansKR-Black.otf"; sourceTree = "<group>"; };
		88EA1B622797C1E800307111 /* NotoSansKR-Medium.otf */ = {isa = PBXFileReference; lastKnownFileType = file; path = "NotoSansKR-Medium.otf"; sourceTree = "<group>"; };
		88EA1B632797C1E800307111 /* NotoSansKR-Regular.otf */ = {isa = PBXFileReference; lastKnownFileType = file; path = "NotoSansKR-Regular.otf"; sourceTree = "<group>"; };
		88F027F92795495A00390168 /* SeSac Service Level Project.app */ = {isa = PBXFileReference; explicitFileType = wrapper.application; includeInIndex = 0; path = "SeSac Service Level Project.app"; sourceTree = BUILT_PRODUCTS_DIR; };
		88F027FC2795495A00390168 /* AppDelegate.swift */ = {isa = PBXFileReference; lastKnownFileType = sourcecode.swift; path = AppDelegate.swift; sourceTree = "<group>"; };
		88F027FE2795495A00390168 /* SceneDelegate.swift */ = {isa = PBXFileReference; lastKnownFileType = sourcecode.swift; path = SceneDelegate.swift; sourceTree = "<group>"; };
		88F028002795495A00390168 /* RegisterViewController.swift */ = {isa = PBXFileReference; lastKnownFileType = sourcecode.swift; path = RegisterViewController.swift; sourceTree = "<group>"; };
		88F028052795495E00390168 /* Assets.xcassets */ = {isa = PBXFileReference; lastKnownFileType = folder.assetcatalog; path = Assets.xcassets; sourceTree = "<group>"; };
		88F028082795495E00390168 /* Base */ = {isa = PBXFileReference; lastKnownFileType = file.storyboard; name = Base; path = Base.lproj/LaunchScreen.storyboard; sourceTree = "<group>"; };
		88F0280A2795495E00390168 /* Info.plist */ = {isa = PBXFileReference; lastKnownFileType = text.plist.xml; path = Info.plist; sourceTree = "<group>"; };
		88F02810279549E200390168 /* GoogleService-Info.plist */ = {isa = PBXFileReference; fileEncoding = 4; lastKnownFileType = text.plist.xml; name = "GoogleService-Info.plist"; path = "../../../Downloads/GoogleService-Info.plist"; sourceTree = "<group>"; };
		88F0281627954AC800390168 /* RegisterView.swift */ = {isa = PBXFileReference; lastKnownFileType = sourcecode.swift; path = RegisterView.swift; sourceTree = "<group>"; };
		AFCF7A27F9A757CCBE8262B8 /* Pods_SeSac_Service_Level_Project.framework */ = {isa = PBXFileReference; explicitFileType = wrapper.framework; includeInIndex = 0; path = Pods_SeSac_Service_Level_Project.framework; sourceTree = BUILT_PRODUCTS_DIR; };
/* End PBXFileReference section */

/* Begin PBXFrameworksBuildPhase section */
		88F027F62795495A00390168 /* Frameworks */ = {
			isa = PBXFrameworksBuildPhase;
			buildActionMask = 2147483647;
			files = (
				E6D7CE2D16D92203805233D5 /* Pods_SeSac_Service_Level_Project.framework in Frameworks */,
				88F0281427954A9200390168 /* SnapKit in Frameworks */,
			);
			runOnlyForDeploymentPostprocessing = 0;
		};
/* End PBXFrameworksBuildPhase section */

/* Begin PBXGroup section */
		2C152C1F5350E20907248494 /* Frameworks */ = {
			isa = PBXGroup;
			children = (
				AFCF7A27F9A757CCBE8262B8 /* Pods_SeSac_Service_Level_Project.framework */,
			);
			name = Frameworks;
			sourceTree = "<group>";
		};
		889EBAD32798372F006C1A6E /* NickNamView */ = {
			isa = PBXGroup;
			children = (
				889EBAD127983714006C1A6E /* NickNameViewController.swift */,
				889EBAD427983746006C1A6E /* NickNameView.swift */,
				889EBAD627983755006C1A6E /* NickNameViewModel.swift */,
			);
			path = NickNamView;
			sourceTree = "<group>";
		};
		88DE49EE27965A96003D5958 /* CommonViews */ = {
			isa = PBXGroup;
			children = (
				88DE49EC27965A8C003D5958 /* InActiveButton.swift */,
				88DE49F32796D801003D5958 /* CommonTextFieldView.swift */,
			);
			path = CommonViews;
			sourceTree = "<group>";
		};
		88EA1B572797B42300307111 /* VerifyPhoneNumberViewController */ = {
			isa = PBXGroup;
			children = (
				88EA1B552797B40700307111 /* VerifiyPhoneNumberViewController.swift */,
				88EA1B582797B44A00307111 /* VerifyPhoneNumberView.swift */,
				88EA1B5A2797B45300307111 /* VerifyPhoneNumberViewModel.swift */,
			);
			path = VerifyPhoneNumberViewController;
			sourceTree = "<group>";
		};
		88EA1B5C2797C1E800307111 /* Noto_Sans_KR */ = {
			isa = PBXGroup;
			children = (
				88EA1B5D2797C1E800307111 /* NotoSansKR-Light.otf */,
				88EA1B5E2797C1E800307111 /* NotoSansKR-Bold.otf */,
				88EA1B5F2797C1E800307111 /* NotoSansKR-Thin.otf */,
				88EA1B602797C1E800307111 /* OFL.txt */,
				88EA1B612797C1E800307111 /* NotoSansKR-Black.otf */,
				88EA1B622797C1E800307111 /* NotoSansKR-Medium.otf */,
				88EA1B632797C1E800307111 /* NotoSansKR-Regular.otf */,
			);
			name = Noto_Sans_KR;
			path = ../../../Downloads/Noto_Sans_KR;
			sourceTree = "<group>";
		};
		88F027F02795495A00390168 = {
			isa = PBXGroup;
			children = (
				88F027FB2795495A00390168 /* SeSac Service Level Project */,
				88F027FA2795495A00390168 /* Products */,
				CACCCB752456BE42C8DC4C05 /* Pods */,
				2C152C1F5350E20907248494 /* Frameworks */,
			);
			sourceTree = "<group>";
		};
		88F027FA2795495A00390168 /* Products */ = {
			isa = PBXGroup;
			children = (
				88F027F92795495A00390168 /* SeSac Service Level Project.app */,
			);
			name = Products;
			sourceTree = "<group>";
		};
		88F027FB2795495A00390168 /* SeSac Service Level Project */ = {
			isa = PBXGroup;
			children = (
				88EA1B5C2797C1E800307111 /* Noto_Sans_KR */,
				88F0281527954A9E00390168 /* Register */,
				88EA1B572797B42300307111 /* VerifyPhoneNumberViewController */,
				889EBAD32798372F006C1A6E /* NickNamView */,
				88F028052795495E00390168 /* Assets.xcassets */,
				88F028072795495E00390168 /* LaunchScreen.storyboard */,
				88F027FE2795495A00390168 /* SceneDelegate.swift */,
				88F027FC2795495A00390168 /* AppDelegate.swift */,
				88F0280A2795495E00390168 /* Info.plist */,
				88F02810279549E200390168 /* GoogleService-Info.plist */,
				88DE49EE27965A96003D5958 /* CommonViews */,
				88DE49F12796B864003D5958 /* Observable.swift */,
			);
			path = "SeSac Service Level Project";
			sourceTree = "<group>";
		};
		88F0281527954A9E00390168 /* Register */ = {
			isa = PBXGroup;
			children = (
				88F028002795495A00390168 /* RegisterViewController.swift */,
				88F0281627954AC800390168 /* RegisterView.swift */,
				88DE49EF2796B810003D5958 /* RegisterViewModel.swift */,
			);
			path = Register;
			sourceTree = "<group>";
		};
		CACCCB752456BE42C8DC4C05 /* Pods */ = {
			isa = PBXGroup;
			children = (
				230AD1F48C96E2FC3466D59C /* Pods-SeSac Service Level Project.debug.xcconfig */,
				68EF1A1A56691D9BC1B1886E /* Pods-SeSac Service Level Project.release.xcconfig */,
			);
			path = Pods;
			sourceTree = "<group>";
		};
/* End PBXGroup section */

/* Begin PBXNativeTarget section */
		88F027F82795495A00390168 /* SeSac Service Level Project */ = {
			isa = PBXNativeTarget;
			buildConfigurationList = 88F0280D2795495E00390168 /* Build configuration list for PBXNativeTarget "SeSac Service Level Project" */;
			buildPhases = (
				0F014E39C8EAD1E4F86E52F4 /* [CP] Check Pods Manifest.lock */,
				88F027F52795495A00390168 /* Sources */,
				88F027F62795495A00390168 /* Frameworks */,
				88F027F72795495A00390168 /* Resources */,
				5C6E6EF88400092D73AE1595 /* [CP] Embed Pods Frameworks */,
			);
			buildRules = (
			);
			dependencies = (
			);
			name = "SeSac Service Level Project";
			packageProductDependencies = (
				88F0281327954A9200390168 /* SnapKit */,
			);
			productName = "SeSac Service Level Project";
			productReference = 88F027F92795495A00390168 /* SeSac Service Level Project.app */;
			productType = "com.apple.product-type.application";
		};
/* End PBXNativeTarget section */

/* Begin PBXProject section */
		88F027F12795495A00390168 /* Project object */ = {
			isa = PBXProject;
			attributes = {
				BuildIndependentTargetsInParallel = 1;
				LastSwiftUpdateCheck = 1300;
				LastUpgradeCheck = 1300;
				TargetAttributes = {
					88F027F82795495A00390168 = {
						CreatedOnToolsVersion = 13.0;
					};
				};
			};
			buildConfigurationList = 88F027F42795495A00390168 /* Build configuration list for PBXProject "SeSac Service Level Project" */;
			compatibilityVersion = "Xcode 13.0";
			developmentRegion = en;
			hasScannedForEncodings = 0;
			knownRegions = (
				en,
				Base,
			);
			mainGroup = 88F027F02795495A00390168;
			packageReferences = (
				88F0281227954A9200390168 /* XCRemoteSwiftPackageReference "SnapKit" */,
			);
			productRefGroup = 88F027FA2795495A00390168 /* Products */;
			projectDirPath = "";
			projectRoot = "";
			targets = (
				88F027F82795495A00390168 /* SeSac Service Level Project */,
			);
		};
/* End PBXProject section */

/* Begin PBXResourcesBuildPhase section */
		88F027F72795495A00390168 /* Resources */ = {
			isa = PBXResourcesBuildPhase;
			buildActionMask = 2147483647;
			files = (
				88EA1B672797C1E800307111 /* OFL.txt in Resources */,
				88EA1B662797C1E800307111 /* NotoSansKR-Thin.otf in Resources */,
				88F028092795495E00390168 /* LaunchScreen.storyboard in Resources */,
				88EA1B692797C1E800307111 /* NotoSansKR-Medium.otf in Resources */,
				88EA1B6A2797C1E800307111 /* NotoSansKR-Regular.otf in Resources */,
				88F028062795495E00390168 /* Assets.xcassets in Resources */,
				88EA1B642797C1E800307111 /* NotoSansKR-Light.otf in Resources */,
				88F02811279549E200390168 /* GoogleService-Info.plist in Resources */,
				88EA1B652797C1E800307111 /* NotoSansKR-Bold.otf in Resources */,
				88EA1B682797C1E800307111 /* NotoSansKR-Black.otf in Resources */,
			);
			runOnlyForDeploymentPostprocessing = 0;
		};
/* End PBXResourcesBuildPhase section */

/* Begin PBXShellScriptBuildPhase section */
		0F014E39C8EAD1E4F86E52F4 /* [CP] Check Pods Manifest.lock */ = {
			isa = PBXShellScriptBuildPhase;
			buildActionMask = 2147483647;
			files = (
			);
			inputFileListPaths = (
			);
			inputPaths = (
				"${PODS_PODFILE_DIR_PATH}/Podfile.lock",
				"${PODS_ROOT}/Manifest.lock",
			);
			name = "[CP] Check Pods Manifest.lock";
			outputFileListPaths = (
			);
			outputPaths = (
				"$(DERIVED_FILE_DIR)/Pods-SeSac Service Level Project-checkManifestLockResult.txt",
			);
			runOnlyForDeploymentPostprocessing = 0;
			shellPath = /bin/sh;
			shellScript = "diff \"${PODS_PODFILE_DIR_PATH}/Podfile.lock\" \"${PODS_ROOT}/Manifest.lock\" > /dev/null\nif [ $? != 0 ] ; then\n    # print error to STDERR\n    echo \"error: The sandbox is not in sync with the Podfile.lock. Run 'pod install' or update your CocoaPods installation.\" >&2\n    exit 1\nfi\n# This output is used by Xcode 'outputs' to avoid re-running this script phase.\necho \"SUCCESS\" > \"${SCRIPT_OUTPUT_FILE_0}\"\n";
			showEnvVarsInLog = 0;
		};
		5C6E6EF88400092D73AE1595 /* [CP] Embed Pods Frameworks */ = {
			isa = PBXShellScriptBuildPhase;
			buildActionMask = 2147483647;
			files = (
			);
			inputFileListPaths = (
				"${PODS_ROOT}/Target Support Files/Pods-SeSac Service Level Project/Pods-SeSac Service Level Project-frameworks-${CONFIGURATION}-input-files.xcfilelist",
			);
			name = "[CP] Embed Pods Frameworks";
			outputFileListPaths = (
				"${PODS_ROOT}/Target Support Files/Pods-SeSac Service Level Project/Pods-SeSac Service Level Project-frameworks-${CONFIGURATION}-output-files.xcfilelist",
			);
			runOnlyForDeploymentPostprocessing = 0;
			shellPath = /bin/sh;
			shellScript = "\"${PODS_ROOT}/Target Support Files/Pods-SeSac Service Level Project/Pods-SeSac Service Level Project-frameworks.sh\"\n";
			showEnvVarsInLog = 0;
		};
/* End PBXShellScriptBuildPhase section */

/* Begin PBXSourcesBuildPhase section */
		88F027F52795495A00390168 /* Sources */ = {
			isa = PBXSourcesBuildPhase;
			buildActionMask = 2147483647;
			files = (
				88F028012795495A00390168 /* RegisterViewController.swift in Sources */,
				88DE49F42796D801003D5958 /* CommonTextFieldView.swift in Sources */,
				889EBAD727983755006C1A6E /* NickNameViewModel.swift in Sources */,
				88DE49F02796B811003D5958 /* RegisterViewModel.swift in Sources */,
				889EBAD527983746006C1A6E /* NickNameView.swift in Sources */,
				88EA1B592797B44A00307111 /* VerifyPhoneNumberView.swift in Sources */,
				889EBAD227983714006C1A6E /* NickNameViewController.swift in Sources */,
				88EA1B562797B40700307111 /* VerifiyPhoneNumberViewController.swift in Sources */,
				88EA1B5B2797B45300307111 /* VerifyPhoneNumberViewModel.swift in Sources */,
				88F0281727954AC800390168 /* RegisterView.swift in Sources */,
				88DE49F22796B864003D5958 /* Observable.swift in Sources */,
				88F027FD2795495A00390168 /* AppDelegate.swift in Sources */,
				88F027FF2795495A00390168 /* SceneDelegate.swift in Sources */,
				88DE49ED27965A8C003D5958 /* InActiveButton.swift in Sources */,
			);
			runOnlyForDeploymentPostprocessing = 0;
		};
/* End PBXSourcesBuildPhase section */

/* Begin PBXVariantGroup section */
		88F028072795495E00390168 /* LaunchScreen.storyboard */ = {
			isa = PBXVariantGroup;
			children = (
				88F028082795495E00390168 /* Base */,
			);
			name = LaunchScreen.storyboard;
			sourceTree = "<group>";
		};
/* End PBXVariantGroup section */

/* Begin XCBuildConfiguration section */
		88F0280B2795495E00390168 /* Debug */ = {
			isa = XCBuildConfiguration;
			buildSettings = {
				ALWAYS_SEARCH_USER_PATHS = NO;
				CLANG_ANALYZER_NONNULL = YES;
				CLANG_ANALYZER_NUMBER_OBJECT_CONVERSION = YES_AGGRESSIVE;
				CLANG_CXX_LANGUAGE_STANDARD = "gnu++17";
				CLANG_CXX_LIBRARY = "libc++";
				CLANG_ENABLE_MODULES = YES;
				CLANG_ENABLE_OBJC_ARC = YES;
				CLANG_ENABLE_OBJC_WEAK = YES;
				CLANG_WARN_BLOCK_CAPTURE_AUTORELEASING = YES;
				CLANG_WARN_BOOL_CONVERSION = YES;
				CLANG_WARN_COMMA = YES;
				CLANG_WARN_CONSTANT_CONVERSION = YES;
				CLANG_WARN_DEPRECATED_OBJC_IMPLEMENTATIONS = YES;
				CLANG_WARN_DIRECT_OBJC_ISA_USAGE = YES_ERROR;
				CLANG_WARN_DOCUMENTATION_COMMENTS = YES;
				CLANG_WARN_EMPTY_BODY = YES;
				CLANG_WARN_ENUM_CONVERSION = YES;
				CLANG_WARN_INFINITE_RECURSION = YES;
				CLANG_WARN_INT_CONVERSION = YES;
				CLANG_WARN_NON_LITERAL_NULL_CONVERSION = YES;
				CLANG_WARN_OBJC_IMPLICIT_RETAIN_SELF = YES;
				CLANG_WARN_OBJC_LITERAL_CONVERSION = YES;
				CLANG_WARN_OBJC_ROOT_CLASS = YES_ERROR;
				CLANG_WARN_QUOTED_INCLUDE_IN_FRAMEWORK_HEADER = YES;
				CLANG_WARN_RANGE_LOOP_ANALYSIS = YES;
				CLANG_WARN_STRICT_PROTOTYPES = YES;
				CLANG_WARN_SUSPICIOUS_MOVE = YES;
				CLANG_WARN_UNGUARDED_AVAILABILITY = YES_AGGRESSIVE;
				CLANG_WARN_UNREACHABLE_CODE = YES;
				CLANG_WARN__DUPLICATE_METHOD_MATCH = YES;
				COPY_PHASE_STRIP = NO;
				DEBUG_INFORMATION_FORMAT = dwarf;
				ENABLE_STRICT_OBJC_MSGSEND = YES;
				ENABLE_TESTABILITY = YES;
				GCC_C_LANGUAGE_STANDARD = gnu11;
				GCC_DYNAMIC_NO_PIC = NO;
				GCC_NO_COMMON_BLOCKS = YES;
				GCC_OPTIMIZATION_LEVEL = 0;
				GCC_PREPROCESSOR_DEFINITIONS = (
					"DEBUG=1",
					"$(inherited)",
				);
				GCC_WARN_64_TO_32_BIT_CONVERSION = YES;
				GCC_WARN_ABOUT_RETURN_TYPE = YES_ERROR;
				GCC_WARN_UNDECLARED_SELECTOR = YES;
				GCC_WARN_UNINITIALIZED_AUTOS = YES_AGGRESSIVE;
				GCC_WARN_UNUSED_FUNCTION = YES;
				GCC_WARN_UNUSED_VARIABLE = YES;
				IPHONEOS_DEPLOYMENT_TARGET = 15.0;
				MTL_ENABLE_DEBUG_INFO = INCLUDE_SOURCE;
				MTL_FAST_MATH = YES;
				ONLY_ACTIVE_ARCH = YES;
				SDKROOT = iphoneos;
				SWIFT_ACTIVE_COMPILATION_CONDITIONS = DEBUG;
				SWIFT_OPTIMIZATION_LEVEL = "-Onone";
			};
			name = Debug;
		};
		88F0280C2795495E00390168 /* Release */ = {
			isa = XCBuildConfiguration;
			buildSettings = {
				ALWAYS_SEARCH_USER_PATHS = NO;
				CLANG_ANALYZER_NONNULL = YES;
				CLANG_ANALYZER_NUMBER_OBJECT_CONVERSION = YES_AGGRESSIVE;
				CLANG_CXX_LANGUAGE_STANDARD = "gnu++17";
				CLANG_CXX_LIBRARY = "libc++";
				CLANG_ENABLE_MODULES = YES;
				CLANG_ENABLE_OBJC_ARC = YES;
				CLANG_ENABLE_OBJC_WEAK = YES;
				CLANG_WARN_BLOCK_CAPTURE_AUTORELEASING = YES;
				CLANG_WARN_BOOL_CONVERSION = YES;
				CLANG_WARN_COMMA = YES;
				CLANG_WARN_CONSTANT_CONVERSION = YES;
				CLANG_WARN_DEPRECATED_OBJC_IMPLEMENTATIONS = YES;
				CLANG_WARN_DIRECT_OBJC_ISA_USAGE = YES_ERROR;
				CLANG_WARN_DOCUMENTATION_COMMENTS = YES;
				CLANG_WARN_EMPTY_BODY = YES;
				CLANG_WARN_ENUM_CONVERSION = YES;
				CLANG_WARN_INFINITE_RECURSION = YES;
				CLANG_WARN_INT_CONVERSION = YES;
				CLANG_WARN_NON_LITERAL_NULL_CONVERSION = YES;
				CLANG_WARN_OBJC_IMPLICIT_RETAIN_SELF = YES;
				CLANG_WARN_OBJC_LITERAL_CONVERSION = YES;
				CLANG_WARN_OBJC_ROOT_CLASS = YES_ERROR;
				CLANG_WARN_QUOTED_INCLUDE_IN_FRAMEWORK_HEADER = YES;
				CLANG_WARN_RANGE_LOOP_ANALYSIS = YES;
				CLANG_WARN_STRICT_PROTOTYPES = YES;
				CLANG_WARN_SUSPICIOUS_MOVE = YES;
				CLANG_WARN_UNGUARDED_AVAILABILITY = YES_AGGRESSIVE;
				CLANG_WARN_UNREACHABLE_CODE = YES;
				CLANG_WARN__DUPLICATE_METHOD_MATCH = YES;
				COPY_PHASE_STRIP = NO;
				DEBUG_INFORMATION_FORMAT = "dwarf-with-dsym";
				ENABLE_NS_ASSERTIONS = NO;
				ENABLE_STRICT_OBJC_MSGSEND = YES;
				GCC_C_LANGUAGE_STANDARD = gnu11;
				GCC_NO_COMMON_BLOCKS = YES;
				GCC_WARN_64_TO_32_BIT_CONVERSION = YES;
				GCC_WARN_ABOUT_RETURN_TYPE = YES_ERROR;
				GCC_WARN_UNDECLARED_SELECTOR = YES;
				GCC_WARN_UNINITIALIZED_AUTOS = YES_AGGRESSIVE;
				GCC_WARN_UNUSED_FUNCTION = YES;
				GCC_WARN_UNUSED_VARIABLE = YES;
				IPHONEOS_DEPLOYMENT_TARGET = 15.0;
				MTL_ENABLE_DEBUG_INFO = NO;
				MTL_FAST_MATH = YES;
				SDKROOT = iphoneos;
				SWIFT_COMPILATION_MODE = wholemodule;
				SWIFT_OPTIMIZATION_LEVEL = "-O";
				VALIDATE_PRODUCT = YES;
			};
			name = Release;
		};
		88F0280E2795495E00390168 /* Debug */ = {
			isa = XCBuildConfiguration;
			baseConfigurationReference = 230AD1F48C96E2FC3466D59C /* Pods-SeSac Service Level Project.debug.xcconfig */;
			buildSettings = {
				ASSETCATALOG_COMPILER_APPICON_NAME = AppIcon;
				ASSETCATALOG_COMPILER_GLOBAL_ACCENT_COLOR_NAME = AccentColor;
				CODE_SIGN_STYLE = Automatic;
				CURRENT_PROJECT_VERSION = 1;
				DEVELOPMENT_TEAM = XUDFL5KK5Q;
				GENERATE_INFOPLIST_FILE = YES;
				INFOPLIST_FILE = "SeSac Service Level Project/Info.plist";
				INFOPLIST_KEY_UIApplicationSupportsIndirectInputEvents = YES;
				INFOPLIST_KEY_UILaunchStoryboardName = LaunchScreen;
				INFOPLIST_KEY_UISupportedInterfaceOrientations_iPad = "UIInterfaceOrientationPortrait UIInterfaceOrientationPortraitUpsideDown UIInterfaceOrientationLandscapeLeft UIInterfaceOrientationLandscapeRight";
				INFOPLIST_KEY_UISupportedInterfaceOrientations_iPhone = "UIInterfaceOrientationPortrait UIInterfaceOrientationLandscapeLeft UIInterfaceOrientationLandscapeRight";
				LD_RUNPATH_SEARCH_PATHS = (
					"$(inherited)",
					"@executable_path/Frameworks",
				);
				MARKETING_VERSION = 1.0;
				PRODUCT_BUNDLE_IDENTIFIER = "yle.SeSac-Service-Level-Project";
				PRODUCT_NAME = "$(TARGET_NAME)";
				SWIFT_EMIT_LOC_STRINGS = YES;
				SWIFT_VERSION = 5.0;
				TARGETED_DEVICE_FAMILY = "1,2";
			};
			name = Debug;
		};
		88F0280F2795495E00390168 /* Release */ = {
			isa = XCBuildConfiguration;
			baseConfigurationReference = 68EF1A1A56691D9BC1B1886E /* Pods-SeSac Service Level Project.release.xcconfig */;
			buildSettings = {
				ASSETCATALOG_COMPILER_APPICON_NAME = AppIcon;
				ASSETCATALOG_COMPILER_GLOBAL_ACCENT_COLOR_NAME = AccentColor;
				CODE_SIGN_STYLE = Automatic;
				CURRENT_PROJECT_VERSION = 1;
				DEVELOPMENT_TEAM = XUDFL5KK5Q;
				GENERATE_INFOPLIST_FILE = YES;
				INFOPLIST_FILE = "SeSac Service Level Project/Info.plist";
				INFOPLIST_KEY_UIApplicationSupportsIndirectInputEvents = YES;
				INFOPLIST_KEY_UILaunchStoryboardName = LaunchScreen;
				INFOPLIST_KEY_UISupportedInterfaceOrientations_iPad = "UIInterfaceOrientationPortrait UIInterfaceOrientationPortraitUpsideDown UIInterfaceOrientationLandscapeLeft UIInterfaceOrientationLandscapeRight";
				INFOPLIST_KEY_UISupportedInterfaceOrientations_iPhone = "UIInterfaceOrientationPortrait UIInterfaceOrientationLandscapeLeft UIInterfaceOrientationLandscapeRight";
				LD_RUNPATH_SEARCH_PATHS = (
					"$(inherited)",
					"@executable_path/Frameworks",
				);
				MARKETING_VERSION = 1.0;
				PRODUCT_BUNDLE_IDENTIFIER = "yle.SeSac-Service-Level-Project";
				PRODUCT_NAME = "$(TARGET_NAME)";
				SWIFT_EMIT_LOC_STRINGS = YES;
				SWIFT_VERSION = 5.0;
				TARGETED_DEVICE_FAMILY = "1,2";
			};
			name = Release;
		};
/* End XCBuildConfiguration section */

/* Begin XCConfigurationList section */
		88F027F42795495A00390168 /* Build configuration list for PBXProject "SeSac Service Level Project" */ = {
			isa = XCConfigurationList;
			buildConfigurations = (
				88F0280B2795495E00390168 /* Debug */,
				88F0280C2795495E00390168 /* Release */,
			);
			defaultConfigurationIsVisible = 0;
			defaultConfigurationName = Release;
		};
		88F0280D2795495E00390168 /* Build configuration list for PBXNativeTarget "SeSac Service Level Project" */ = {
			isa = XCConfigurationList;
			buildConfigurations = (
				88F0280E2795495E00390168 /* Debug */,
				88F0280F2795495E00390168 /* Release */,
			);
			defaultConfigurationIsVisible = 0;
			defaultConfigurationName = Release;
		};
/* End XCConfigurationList section */

/* Begin XCRemoteSwiftPackageReference section */
		88F0281227954A9200390168 /* XCRemoteSwiftPackageReference "SnapKit" */ = {
			isa = XCRemoteSwiftPackageReference;
			repositoryURL = "https://github.com/SnapKit/SnapKit.git";
			requirement = {
				branch = develop;
				kind = branch;
			};
		};
/* End XCRemoteSwiftPackageReference section */

/* Begin XCSwiftPackageProductDependency section */
		88F0281327954A9200390168 /* SnapKit */ = {
			isa = XCSwiftPackageProductDependency;
			package = 88F0281227954A9200390168 /* XCRemoteSwiftPackageReference "SnapKit" */;
			productName = SnapKit;
		};
/* End XCSwiftPackageProductDependency section */
	};
	rootObject = 88F027F12795495A00390168 /* Project object */;
}
